<?xml version="1.0" encoding="utf-8"?>
<Project ToolsVersion="4.0" xmlns="http://schemas.microsoft.com/developer/msbuild/2003">
  <ItemGroup>
    <Text Include="ReadMe.txt" />
  </ItemGroup>
  <ItemGroup>
    <Filter Include="Header Files">
      <UniqueIdentifier>{458e438c-d89d-48e3-b038-bef5fb3862a8}</UniqueIdentifier>
    </Filter>
    <Filter Include="Source Files">
      <UniqueIdentifier>{f1eb9d9d-c713-4707-94b7-ee3cad9f1d41}</UniqueIdentifier>
    </Filter>
    <Filter Include="Resource Files">
      <UniqueIdentifier>{ea124549-a251-411c-b1ef-0005874a60af}</UniqueIdentifier>
    </Filter>
  </ItemGroup>
  <ItemGroup>
    <ClInclude Include="GUIDefines.h">
      <Filter>Header Files</Filter>
    </ClInclude>
    <ClInclude Include="GUIModule.h">
      <Filter>Header Files</Filter>
    </ClInclude>
    <ClInclude Include="GUIWindow.h">
      <Filter>Header Files</Filter>
    </ClInclude>
    <ClInclude Include="Widget.h">
      <Filter>Header Files</Filter>
    </ClInclude>
    <ClInclude Include="GUIRenderContext.h">
      <Filter>Header Files</Filter>
    </ClInclude>
    <ClInclude Include="Button.h">
      <Filter>Header Files</Filter>
    </ClInclude>
    <ClInclude Include="Theme.h">
      <Filter>Header Files</Filter>
    </ClInclude>
  </ItemGroup>
  <ItemGroup>
    <ClCompile Include="dllmain.cpp">
      <Filter>Source Files</Filter>
    </ClCompile>
    <ClCompile Include="GUIModule.cpp">
      <Filter>Source Files</Filter>
    </ClCompile>
    <ClCompile Include="GUIWindow.cpp">
      <Filter>Source Files</Filter>
    </ClCompile>
    <ClCompile Include="Widget.cpp">
      <Filter>Source Files</Filter>
    </ClCompile>
    <ClCompile Include="GUIRenderContext.cpp">
      <Filter>Source Files</Filter>
    </ClCompile>
    <ClCompile Include="Button.cpp">
      <Filter>Source Files</Filter>
    </ClCompile>
    <ClCompile Include="Theme.cpp">
      <Filter>Source Files</Filter>
    </ClCompile>
  </ItemGroup>
</Project>