
Microsoft Visual Studio Solution File, Format Version 12.00
# Visual Studio Version 16
VisualStudioVersion = 16.0.29102.190
MinimumVisualStudioVersion = 10.0.40219.1
Project("{8BC9CEB8-8B4A-11D0-8D11-00A0C91BC942}") = "ArcanaMath", "ArcanaMath\ArcanaMath.vcxproj", "{E24E54E1-AF75-474E-B09A-D7D912C45289}"
EndProject
Project("{8BC9CEB8-8B4A-11D0-8D11-00A0C91BC942}") = "ArcanaLog", "ArcanaLog\ArcanaLog.vcxproj", "{437AC3BB-9576-492F-8779-4ADE6A1856BB}"
EndProject
Project("{8BC9CEB8-8B4A-11D0-8D11-00A0C91BC942}") = "ArcanaCore", "ArcanaCore\ArcanaCore.vcxproj", "{ED1A73DF-A0E3-43B1-88F1-424BA599DDA3}"
EndProject
Project("{8BC9CEB8-8B4A-11D0-8D11-00A0C91BC942}") = "ArcanaPlatform", "ArcanaPlatform\ArcanaPlatform.vcxproj", "{3309AF35-7D38-403E-8894-D53A68939FF3}"
EndProject
Project("{8BC9CEB8-8B4A-11D0-8D11-00A0C91BC942}") = "ArcanaGraphics", "ArcanaGraphics\ArcanaGraphics.vcxproj", "{0CBDC32C-256A-43DE-8514-751288A682BA}"
EndProject
Project("{8BC9CEB8-8B4A-11D0-8D11-00A0C91BC942}") = "ArcanaInput", "ArcanaInput\ArcanaInput.vcxproj", "{A6D0452E-CD28-4878-9982-AE9630FED7AF}"
EndProject
Project("{8BC9CEB8-8B4A-11D0-8D11-00A0C91BC942}") = "ArcanaResource", "ArcanaResource\ArcanaResource.vcxproj", "{5ADF28AD-C4E8-49EC-9678-80BB21AD3E7F}"
EndProject
Project("{8BC9CEB8-8B4A-11D0-8D11-00A0C91BC942}") = "ArcanaIO", "ArcanaIO\ArcanaIO.vcxproj", "{C980B97A-C1F2-4EF8-B1A7-38829AE2DCC4}"
EndProject
Project("{8BC9CEB8-8B4A-11D0-8D11-00A0C91BC942}") = "ArcanaEngine", "ArcanaEngine\ArcanaEngine.vcxproj", "{F38DFF61-8F6B-4468-B3F6-DCB1A24C24C8}"
EndProject
Project("{8BC9CEB8-8B4A-11D0-8D11-00A0C91BC942}") = "ArcanaScene", "ArcanaScene\ArcanaScene.vcxproj", "{D01D3ED8-F6A7-43AA-8BDB-25D3CC34F823}"
EndProject
Project("{8BC9CEB8-8B4A-11D0-8D11-00A0C91BC942}") = "ArcanaPCG", "ArcanaPCG\ArcanaPCG.vcxproj", "{40F2AE2B-3159-4C39-A62B-480CBF9B694B}"
EndProject
Project("{8BC9CEB8-8B4A-11D0-8D11-00A0C91BC942}") = "ArcanaFTL", "ArcanaFTL\ArcanaFTL.vcxproj", "{1083A2C4-212E-4AB9-AD94-62A2DE803C4B}"
EndProject
Project("{8BC9CEB8-8B4A-11D0-8D11-00A0C91BC942}") = "FramebufferClient", "Clients\FramebufferClient\FramebufferClient.vcxproj", "{8A83D52D-B993-40CC-B4FD-B0FA5CD22A6C}"
EndProject
Project("{8BC9CEB8-8B4A-11D0-8D11-00A0C91BC942}") = "GraphicsClient", "Clients\GraphicsClient\GraphicsClient.vcxproj", "{EBB1E29B-412F-49A3-A432-2C0208754F01}"
EndProject
Project("{8BC9CEB8-8B4A-11D0-8D11-00A0C91BC942}") = "InputClient", "Clients\InputClient\InputClient.vcxproj", "{355C6FC0-7CE8-49C7-AD2B-18EB733C1DBD}"
EndProject
Project("{8BC9CEB8-8B4A-11D0-8D11-00A0C91BC942}") = "PCGClient", "Clients\PCGClient\PCGClient.vcxproj", "{486822B9-BBD8-4C84-9072-A26002FBC16F}"
EndProject
Project("{8BC9CEB8-8B4A-11D0-8D11-00A0C91BC942}") = "PCGTerrainClient", "Clients\PCGTerrainClient\PCGTerrainClient.vcxproj", "{48CEBDDE-1EAE-40D7-8859-CDD701250A81}"
EndProject
Project("{8BC9CEB8-8B4A-11D0-8D11-00A0C91BC942}") = "RenderClient", "Clients\RenderClient\RenderClient.vcxproj", "{A029AF6D-0092-4A66-B1E2-A81A7F6E20F9}"
EndProject
Project("{8BC9CEB8-8B4A-11D0-8D11-00A0C91BC942}") = "SceneMathClient", "Clients\SceneMathClient\SceneMathClient.vcxproj", "{2A77CE1D-17AA-4070-A55A-3C873E66ED9A}"
EndProject
Project("{8BC9CEB8-8B4A-11D0-8D11-00A0C91BC942}") = "SerializationClient", "Clients\SerializationClient\SerializationClient.vcxproj", "{ED5D6410-1446-4516-9815-1545BA46BCD3}"
EndProject
Project("{8BC9CEB8-8B4A-11D0-8D11-00A0C91BC942}") = "TerrainClient", "Clients\TerrainClient\TerrainClient.vcxproj", "{6E267AF5-37A4-40BD-A839-24E6C1D7F738}"
EndProject
Project("{8BC9CEB8-8B4A-11D0-8D11-00A0C91BC942}") = "TextureClient", "Clients\TextureClient\TextureClient.vcxproj", "{22DAF349-B762-4479-A0F3-DFD60E8A6848}"
EndProject
Project("{8BC9CEB8-8B4A-11D0-8D11-00A0C91BC942}") = "ThreadClient", "Clients\ThreadClient\ThreadClient.vcxproj", "{AB0B64D9-A35F-4FB3-A0F5-7971D8210C7F}"
EndProject
Project("{8BC9CEB8-8B4A-11D0-8D11-00A0C91BC942}") = "WindowsPlatformClient", "Clients\WindowsPlatformClient\WindowsPlatformClient.vcxproj", "{1EE23BEA-8FE2-4B2B-9717-93E98BE47FC3}"
EndProject
Project("{8BC9CEB8-8B4A-11D0-8D11-00A0C91BC942}") = "ArcanaTerrain", "ArcanaTerrain\ArcanaTerrain.vcxproj", "{A42DEF8F-83AC-439B-8287-90BEFB7AC3E4}"
EndProject
Project("{8BC9CEB8-8B4A-11D0-8D11-00A0C91BC942}") = "InstancingClient", "Clients\InstancingClient\InstancingClient.vcxproj", "{933A46AF-C4E3-4DF8-BD7C-0E2565FEE76C}"
EndProject
Project("{8BC9CEB8-8B4A-11D0-8D11-00A0C91BC942}") = "ParticlesClient", "Clients\ParticlesClient\ParticlesClient.vcxproj", "{CF190D8C-5125-47B5-AED2-8873A67572BE}"
EndProject
Project("{8BC9CEB8-8B4A-11D0-8D11-00A0C91BC942}") = "ArcanaGUI", "ArcanaGUI\ArcanaGUI.vcxproj", "{EA2D10F2-0C88-4BA2-84EB-B9A55C0200E8}"
EndProject
Project("{8BC9CEB8-8B4A-11D0-8D11-00A0C91BC942}") = "CharacterClient", "Clients\CharacterClient\CharacterClient.vcxproj", "{CB36785B-C9CB-4B3C-AE21-A65DD7031637}"
EndProject
Project("{8BC9CEB8-8B4A-11D0-8D11-00A0C91BC942}") = "ArcanaSound", "ArcanaSound\ArcanaSound.vcxproj", "{9281AC0A-BBA4-47DA-A831-F4C1FFFEABDF}"
EndProject
Project("{8BC9CEB8-8B4A-11D0-8D11-00A0C91BC942}") = "ResourceClient", "Clients\ResourceClient\ResourceClient.vcxproj", "{32956CAA-BC11-43A8-AA99-0BC0F824FD2C}"
EndProject
Project("{8BC9CEB8-8B4A-11D0-8D11-00A0C91BC942}") = "UnitTests", "UnitTests\UnitTests.vcxproj", "{80954D28-A50A-4B5E-918B-94BD73A2521B}"
EndProject
Project("{8BC9CEB8-8B4A-11D0-8D11-00A0C91BC942}") = "ModelClient", "Clients\ModelClient\ModelClient.vcxproj", "{90EDF564-4140-40AB-A4FA-77E7CA2D344F}"
EndProject
Project("{8BC9CEB8-8B4A-11D0-8D11-00A0C91BC942}") = "CurveClient", "Clients\CurveClient\CurveClient.vcxproj", "{CE524BBD-8B91-49D8-BD88-529B4905BCDB}"
EndProject
Project("{8BC9CEB8-8B4A-11D0-8D11-00A0C91BC942}") = "FTLClient", "Clients\FTLClient\FTLClient.vcxproj", "{C9B6A37E-9308-492B-9C09-FB0B185EB3A4}"
EndProject
Global
	GlobalSection(SolutionConfigurationPlatforms) = preSolution
		Debug|x64 = Debug|x64
		Debug|x86 = Debug|x86
		Release|x64 = Release|x64
		Release|x86 = Release|x86
	EndGlobalSection
	GlobalSection(ProjectConfigurationPlatforms) = postSolution
		{E24E54E1-AF75-474E-B09A-D7D912C45289}.Debug|x64.ActiveCfg = Debug|x64
		{E24E54E1-AF75-474E-B09A-D7D912C45289}.Debug|x64.Build.0 = Debug|x64
		{E24E54E1-AF75-474E-B09A-D7D912C45289}.Debug|x86.ActiveCfg = Debug|Win32
		{E24E54E1-AF75-474E-B09A-D7D912C45289}.Debug|x86.Build.0 = Debug|Win32
		{E24E54E1-AF75-474E-B09A-D7D912C45289}.Release|x64.ActiveCfg = Release|x64
		{E24E54E1-AF75-474E-B09A-D7D912C45289}.Release|x64.Build.0 = Release|x64
		{E24E54E1-AF75-474E-B09A-D7D912C45289}.Release|x86.ActiveCfg = Release|Win32
		{E24E54E1-AF75-474E-B09A-D7D912C45289}.Release|x86.Build.0 = Release|Win32
		{437AC3BB-9576-492F-8779-4ADE6A1856BB}.Debug|x64.ActiveCfg = Debug|x64
		{437AC3BB-9576-492F-8779-4ADE6A1856BB}.Debug|x64.Build.0 = Debug|x64
		{437AC3BB-9576-492F-8779-4ADE6A1856BB}.Debug|x86.ActiveCfg = Debug|Win32
		{437AC3BB-9576-492F-8779-4ADE6A1856BB}.Debug|x86.Build.0 = Debug|Win32
		{437AC3BB-9576-492F-8779-4ADE6A1856BB}.Release|x64.ActiveCfg = Release|x64
		{437AC3BB-9576-492F-8779-4ADE6A1856BB}.Release|x64.Build.0 = Release|x64
		{437AC3BB-9576-492F-8779-4ADE6A1856BB}.Release|x86.ActiveCfg = Release|Win32
		{437AC3BB-9576-492F-8779-4ADE6A1856BB}.Release|x86.Build.0 = Release|Win32
		{ED1A73DF-A0E3-43B1-88F1-424BA599DDA3}.Debug|x64.ActiveCfg = Debug|x64
		{ED1A73DF-A0E3-43B1-88F1-424BA599DDA3}.Debug|x64.Build.0 = Debug|x64
		{ED1A73DF-A0E3-43B1-88F1-424BA599DDA3}.Debug|x86.ActiveCfg = Debug|Win32
		{ED1A73DF-A0E3-43B1-88F1-424BA599DDA3}.Debug|x86.Build.0 = Debug|Win32
		{ED1A73DF-A0E3-43B1-88F1-424BA599DDA3}.Release|x64.ActiveCfg = Release|x64
		{ED1A73DF-A0E3-43B1-88F1-424BA599DDA3}.Release|x64.Build.0 = Release|x64
		{ED1A73DF-A0E3-43B1-88F1-424BA599DDA3}.Release|x86.ActiveCfg = Release|Win32
		{ED1A73DF-A0E3-43B1-88F1-424BA599DDA3}.Release|x86.Build.0 = Release|Win32
		{3309AF35-7D38-403E-8894-D53A68939FF3}.Debug|x64.ActiveCfg = Debug|x64
		{3309AF35-7D38-403E-8894-D53A68939FF3}.Debug|x64.Build.0 = Debug|x64
		{3309AF35-7D38-403E-8894-D53A68939FF3}.Debug|x86.ActiveCfg = Debug|Win32
		{3309AF35-7D38-403E-8894-D53A68939FF3}.Debug|x86.Build.0 = Debug|Win32
		{3309AF35-7D38-403E-8894-D53A68939FF3}.Release|x64.ActiveCfg = Release|x64
		{3309AF35-7D38-403E-8894-D53A68939FF3}.Release|x64.Build.0 = Release|x64
		{3309AF35-7D38-403E-8894-D53A68939FF3}.Release|x86.ActiveCfg = Release|Win32
		{3309AF35-7D38-403E-8894-D53A68939FF3}.Release|x86.Build.0 = Release|Win32
		{0CBDC32C-256A-43DE-8514-751288A682BA}.Debug|x64.ActiveCfg = Debug|x64
		{0CBDC32C-256A-43DE-8514-751288A682BA}.Debug|x64.Build.0 = Debug|x64
		{0CBDC32C-256A-43DE-8514-751288A682BA}.Debug|x86.ActiveCfg = Debug|Win32
		{0CBDC32C-256A-43DE-8514-751288A682BA}.Debug|x86.Build.0 = Debug|Win32
		{0CBDC32C-256A-43DE-8514-751288A682BA}.Release|x64.ActiveCfg = Release|x64
		{0CBDC32C-256A-43DE-8514-751288A682BA}.Release|x64.Build.0 = Release|x64
		{0CBDC32C-256A-43DE-8514-751288A682BA}.Release|x86.ActiveCfg = Release|Win32
		{0CBDC32C-256A-43DE-8514-751288A682BA}.Release|x86.Build.0 = Release|Win32
		{A6D0452E-CD28-4878-9982-AE9630FED7AF}.Debug|x64.ActiveCfg = Debug|x64
		{A6D0452E-CD28-4878-9982-AE9630FED7AF}.Debug|x64.Build.0 = Debug|x64
		{A6D0452E-CD28-4878-9982-AE9630FED7AF}.Debug|x86.ActiveCfg = Debug|Win32
		{A6D0452E-CD28-4878-9982-AE9630FED7AF}.Debug|x86.Build.0 = Debug|Win32
		{A6D0452E-CD28-4878-9982-AE9630FED7AF}.Release|x64.ActiveCfg = Release|x64
		{A6D0452E-CD28-4878-9982-AE9630FED7AF}.Release|x64.Build.0 = Release|x64
		{A6D0452E-CD28-4878-9982-AE9630FED7AF}.Release|x86.ActiveCfg = Release|Win32
		{A6D0452E-CD28-4878-9982-AE9630FED7AF}.Release|x86.Build.0 = Release|Win32
		{5ADF28AD-C4E8-49EC-9678-80BB21AD3E7F}.Debug|x64.ActiveCfg = Debug|x64
		{5ADF28AD-C4E8-49EC-9678-80BB21AD3E7F}.Debug|x64.Build.0 = Debug|x64
		{5ADF28AD-C4E8-49EC-9678-80BB21AD3E7F}.Debug|x86.ActiveCfg = Debug|Win32
		{5ADF28AD-C4E8-49EC-9678-80BB21AD3E7F}.Debug|x86.Build.0 = Debug|Win32
		{5ADF28AD-C4E8-49EC-9678-80BB21AD3E7F}.Release|x64.ActiveCfg = Release|x64
		{5ADF28AD-C4E8-49EC-9678-80BB21AD3E7F}.Release|x64.Build.0 = Release|x64
		{5ADF28AD-C4E8-49EC-9678-80BB21AD3E7F}.Release|x86.ActiveCfg = Release|Win32
		{5ADF28AD-C4E8-49EC-9678-80BB21AD3E7F}.Release|x86.Build.0 = Release|Win32
		{C980B97A-C1F2-4EF8-B1A7-38829AE2DCC4}.Debug|x64.ActiveCfg = Debug|x64
		{C980B97A-C1F2-4EF8-B1A7-38829AE2DCC4}.Debug|x64.Build.0 = Debug|x64
		{C980B97A-C1F2-4EF8-B1A7-38829AE2DCC4}.Debug|x86.ActiveCfg = Debug|Win32
		{C980B97A-C1F2-4EF8-B1A7-38829AE2DCC4}.Debug|x86.Build.0 = Debug|Win32
		{C980B97A-C1F2-4EF8-B1A7-38829AE2DCC4}.Release|x64.ActiveCfg = Release|x64
		{C980B97A-C1F2-4EF8-B1A7-38829AE2DCC4}.Release|x64.Build.0 = Release|x64
		{C980B97A-C1F2-4EF8-B1A7-38829AE2DCC4}.Release|x86.ActiveCfg = Release|Win32
		{C980B97A-C1F2-4EF8-B1A7-38829AE2DCC4}.Release|x86.Build.0 = Release|Win32
		{F38DFF61-8F6B-4468-B3F6-DCB1A24C24C8}.Debug|x64.ActiveCfg = Debug|x64
		{F38DFF61-8F6B-4468-B3F6-DCB1A24C24C8}.Debug|x64.Build.0 = Debug|x64
		{F38DFF61-8F6B-4468-B3F6-DCB1A24C24C8}.Debug|x86.ActiveCfg = Debug|Win32
		{F38DFF61-8F6B-4468-B3F6-DCB1A24C24C8}.Debug|x86.Build.0 = Debug|Win32
		{F38DFF61-8F6B-4468-B3F6-DCB1A24C24C8}.Release|x64.ActiveCfg = Release|x64
		{F38DFF61-8F6B-4468-B3F6-DCB1A24C24C8}.Release|x64.Build.0 = Release|x64
		{F38DFF61-8F6B-4468-B3F6-DCB1A24C24C8}.Release|x86.ActiveCfg = Release|Win32
		{F38DFF61-8F6B-4468-B3F6-DCB1A24C24C8}.Release|x86.Build.0 = Release|Win32
		{D01D3ED8-F6A7-43AA-8BDB-25D3CC34F823}.Debug|x64.ActiveCfg = Debug|x64
		{D01D3ED8-F6A7-43AA-8BDB-25D3CC34F823}.Debug|x64.Build.0 = Debug|x64
		{D01D3ED8-F6A7-43AA-8BDB-25D3CC34F823}.Debug|x86.ActiveCfg = Debug|Win32
		{D01D3ED8-F6A7-43AA-8BDB-25D3CC34F823}.Debug|x86.Build.0 = Debug|Win32
		{D01D3ED8-F6A7-43AA-8BDB-25D3CC34F823}.Release|x64.ActiveCfg = Release|x64
		{D01D3ED8-F6A7-43AA-8BDB-25D3CC34F823}.Release|x64.Build.0 = Release|x64
		{D01D3ED8-F6A7-43AA-8BDB-25D3CC34F823}.Release|x86.ActiveCfg = Release|Win32
		{D01D3ED8-F6A7-43AA-8BDB-25D3CC34F823}.Release|x86.Build.0 = Release|Win32
		{40F2AE2B-3159-4C39-A62B-480CBF9B694B}.Debug|x64.ActiveCfg = Debug|x64
		{40F2AE2B-3159-4C39-A62B-480CBF9B694B}.Debug|x64.Build.0 = Debug|x64
		{40F2AE2B-3159-4C39-A62B-480CBF9B694B}.Debug|x86.ActiveCfg = Debug|Win32
		{40F2AE2B-3159-4C39-A62B-480CBF9B694B}.Debug|x86.Build.0 = Debug|Win32
		{40F2AE2B-3159-4C39-A62B-480CBF9B694B}.Release|x64.ActiveCfg = Release|x64
		{40F2AE2B-3159-4C39-A62B-480CBF9B694B}.Release|x64.Build.0 = Release|x64
		{40F2AE2B-3159-4C39-A62B-480CBF9B694B}.Release|x86.ActiveCfg = Release|Win32
		{40F2AE2B-3159-4C39-A62B-480CBF9B694B}.Release|x86.Build.0 = Release|Win32
		{1083A2C4-212E-4AB9-AD94-62A2DE803C4B}.Debug|x64.ActiveCfg = Debug|x64
		{1083A2C4-212E-4AB9-AD94-62A2DE803C4B}.Debug|x64.Build.0 = Debug|x64
		{1083A2C4-212E-4AB9-AD94-62A2DE803C4B}.Debug|x86.ActiveCfg = Debug|Win32
		{1083A2C4-212E-4AB9-AD94-62A2DE803C4B}.Debug|x86.Build.0 = Debug|Win32
		{1083A2C4-212E-4AB9-AD94-62A2DE803C4B}.Release|x64.ActiveCfg = Release|x64
		{1083A2C4-212E-4AB9-AD94-62A2DE803C4B}.Release|x64.Build.0 = Release|x64
		{1083A2C4-212E-4AB9-AD94-62A2DE803C4B}.Release|x86.ActiveCfg = Release|Win32
		{1083A2C4-212E-4AB9-AD94-62A2DE803C4B}.Release|x86.Build.0 = Release|Win32
		{8A83D52D-B993-40CC-B4FD-B0FA5CD22A6C}.Debug|x64.ActiveCfg = Debug|x64
		{8A83D52D-B993-40CC-B4FD-B0FA5CD22A6C}.Debug|x64.Build.0 = Debug|x64
		{8A83D52D-B993-40CC-B4FD-B0FA5CD22A6C}.Debug|x86.ActiveCfg = Debug|Win32
		{8A83D52D-B993-40CC-B4FD-B0FA5CD22A6C}.Debug|x86.Build.0 = Debug|Win32
		{8A83D52D-B993-40CC-B4FD-B0FA5CD22A6C}.Release|x64.ActiveCfg = Release|x64
		{8A83D52D-B993-40CC-B4FD-B0FA5CD22A6C}.Release|x64.Build.0 = Release|x64
		{8A83D52D-B993-40CC-B4FD-B0FA5CD22A6C}.Release|x86.ActiveCfg = Release|Win32
		{8A83D52D-B993-40CC-B4FD-B0FA5CD22A6C}.Release|x86.Build.0 = Release|Win32
		{EBB1E29B-412F-49A3-A432-2C0208754F01}.Debug|x64.ActiveCfg = Debug|x64
		{EBB1E29B-412F-49A3-A432-2C0208754F01}.Debug|x64.Build.0 = Debug|x64
		{EBB1E29B-412F-49A3-A432-2C0208754F01}.Debug|x86.ActiveCfg = Debug|Win32
		{EBB1E29B-412F-49A3-A432-2C0208754F01}.Debug|x86.Build.0 = Debug|Win32
		{EBB1E29B-412F-49A3-A432-2C0208754F01}.Release|x64.ActiveCfg = Release|x64
		{EBB1E29B-412F-49A3-A432-2C0208754F01}.Release|x64.Build.0 = Release|x64
		{EBB1E29B-412F-49A3-A432-2C0208754F01}.Release|x86.ActiveCfg = Release|Win32
		{EBB1E29B-412F-49A3-A432-2C0208754F01}.Release|x86.Build.0 = Release|Win32
		{355C6FC0-7CE8-49C7-AD2B-18EB733C1DBD}.Debug|x64.ActiveCfg = Debug|x64
		{355C6FC0-7CE8-49C7-AD2B-18EB733C1DBD}.Debug|x64.Build.0 = Debug|x64
		{355C6FC0-7CE8-49C7-AD2B-18EB733C1DBD}.Debug|x86.ActiveCfg = Debug|Win32
		{355C6FC0-7CE8-49C7-AD2B-18EB733C1DBD}.Debug|x86.Build.0 = Debug|Win32
		{355C6FC0-7CE8-49C7-AD2B-18EB733C1DBD}.Release|x64.ActiveCfg = Release|x64
		{355C6FC0-7CE8-49C7-AD2B-18EB733C1DBD}.Release|x64.Build.0 = Release|x64
		{355C6FC0-7CE8-49C7-AD2B-18EB733C1DBD}.Release|x86.ActiveCfg = Release|Win32
		{355C6FC0-7CE8-49C7-AD2B-18EB733C1DBD}.Release|x86.Build.0 = Release|Win32
		{486822B9-BBD8-4C84-9072-A26002FBC16F}.Debug|x64.ActiveCfg = Debug|x64
		{486822B9-BBD8-4C84-9072-A26002FBC16F}.Debug|x64.Build.0 = Debug|x64
		{486822B9-BBD8-4C84-9072-A26002FBC16F}.Debug|x86.ActiveCfg = Debug|Win32
		{486822B9-BBD8-4C84-9072-A26002FBC16F}.Debug|x86.Build.0 = Debug|Win32
		{486822B9-BBD8-4C84-9072-A26002FBC16F}.Release|x64.ActiveCfg = Release|x64
		{486822B9-BBD8-4C84-9072-A26002FBC16F}.Release|x64.Build.0 = Release|x64
		{486822B9-BBD8-4C84-9072-A26002FBC16F}.Release|x86.ActiveCfg = Release|Win32
		{486822B9-BBD8-4C84-9072-A26002FBC16F}.Release|x86.Build.0 = Release|Win32
		{48CEBDDE-1EAE-40D7-8859-CDD701250A81}.Debug|x64.ActiveCfg = Debug|x64
		{48CEBDDE-1EAE-40D7-8859-CDD701250A81}.Debug|x64.Build.0 = Debug|x64
		{48CEBDDE-1EAE-40D7-8859-CDD701250A81}.Debug|x86.ActiveCfg = Debug|Win32
		{48CEBDDE-1EAE-40D7-8859-CDD701250A81}.Debug|x86.Build.0 = Debug|Win32
		{48CEBDDE-1EAE-40D7-8859-CDD701250A81}.Release|x64.ActiveCfg = Release|x64
		{48CEBDDE-1EAE-40D7-8859-CDD701250A81}.Release|x64.Build.0 = Release|x64
		{48CEBDDE-1EAE-40D7-8859-CDD701250A81}.Release|x86.ActiveCfg = Release|Win32
		{48CEBDDE-1EAE-40D7-8859-CDD701250A81}.Release|x86.Build.0 = Release|Win32
		{A029AF6D-0092-4A66-B1E2-A81A7F6E20F9}.Debug|x64.ActiveCfg = Debug|x64
		{A029AF6D-0092-4A66-B1E2-A81A7F6E20F9}.Debug|x64.Build.0 = Debug|x64
		{A029AF6D-0092-4A66-B1E2-A81A7F6E20F9}.Debug|x86.ActiveCfg = Debug|Win32
		{A029AF6D-0092-4A66-B1E2-A81A7F6E20F9}.Debug|x86.Build.0 = Debug|Win32
		{A029AF6D-0092-4A66-B1E2-A81A7F6E20F9}.Release|x64.ActiveCfg = Release|x64
		{A029AF6D-0092-4A66-B1E2-A81A7F6E20F9}.Release|x64.Build.0 = Release|x64
		{A029AF6D-0092-4A66-B1E2-A81A7F6E20F9}.Release|x86.ActiveCfg = Release|Win32
		{A029AF6D-0092-4A66-B1E2-A81A7F6E20F9}.Release|x86.Build.0 = Release|Win32
		{2A77CE1D-17AA-4070-A55A-3C873E66ED9A}.Debug|x64.ActiveCfg = Debug|x64
		{2A77CE1D-17AA-4070-A55A-3C873E66ED9A}.Debug|x64.Build.0 = Debug|x64
		{2A77CE1D-17AA-4070-A55A-3C873E66ED9A}.Debug|x86.ActiveCfg = Debug|Win32
		{2A77CE1D-17AA-4070-A55A-3C873E66ED9A}.Debug|x86.Build.0 = Debug|Win32
		{2A77CE1D-17AA-4070-A55A-3C873E66ED9A}.Release|x64.ActiveCfg = Release|x64
		{2A77CE1D-17AA-4070-A55A-3C873E66ED9A}.Release|x64.Build.0 = Release|x64
		{2A77CE1D-17AA-4070-A55A-3C873E66ED9A}.Release|x86.ActiveCfg = Release|Win32
		{2A77CE1D-17AA-4070-A55A-3C873E66ED9A}.Release|x86.Build.0 = Release|Win32
		{ED5D6410-1446-4516-9815-1545BA46BCD3}.Debug|x64.ActiveCfg = Debug|x64
		{ED5D6410-1446-4516-9815-1545BA46BCD3}.Debug|x64.Build.0 = Debug|x64
		{ED5D6410-1446-4516-9815-1545BA46BCD3}.Debug|x86.ActiveCfg = Debug|Win32
		{ED5D6410-1446-4516-9815-1545BA46BCD3}.Debug|x86.Build.0 = Debug|Win32
		{ED5D6410-1446-4516-9815-1545BA46BCD3}.Release|x64.ActiveCfg = Release|x64
		{ED5D6410-1446-4516-9815-1545BA46BCD3}.Release|x64.Build.0 = Release|x64
		{ED5D6410-1446-4516-9815-1545BA46BCD3}.Release|x86.ActiveCfg = Release|Win32
		{ED5D6410-1446-4516-9815-1545BA46BCD3}.Release|x86.Build.0 = Release|Win32
		{6E267AF5-37A4-40BD-A839-24E6C1D7F738}.Debug|x64.ActiveCfg = Debug|x64
		{6E267AF5-37A4-40BD-A839-24E6C1D7F738}.Debug|x64.Build.0 = Debug|x64
		{6E267AF5-37A4-40BD-A839-24E6C1D7F738}.Debug|x86.ActiveCfg = Debug|Win32
		{6E267AF5-37A4-40BD-A839-24E6C1D7F738}.Debug|x86.Build.0 = Debug|Win32
		{6E267AF5-37A4-40BD-A839-24E6C1D7F738}.Release|x64.ActiveCfg = Release|x64
		{6E267AF5-37A4-40BD-A839-24E6C1D7F738}.Release|x64.Build.0 = Release|x64
		{6E267AF5-37A4-40BD-A839-24E6C1D7F738}.Release|x86.ActiveCfg = Release|Win32
		{6E267AF5-37A4-40BD-A839-24E6C1D7F738}.Release|x86.Build.0 = Release|Win32
		{22DAF349-B762-4479-A0F3-DFD60E8A6848}.Debug|x64.ActiveCfg = Debug|x64
		{22DAF349-B762-4479-A0F3-DFD60E8A6848}.Debug|x64.Build.0 = Debug|x64
		{22DAF349-B762-4479-A0F3-DFD60E8A6848}.Debug|x86.ActiveCfg = Debug|Win32
		{22DAF349-B762-4479-A0F3-DFD60E8A6848}.Debug|x86.Build.0 = Debug|Win32
		{22DAF349-B762-4479-A0F3-DFD60E8A6848}.Release|x64.ActiveCfg = Release|x64
		{22DAF349-B762-4479-A0F3-DFD60E8A6848}.Release|x64.Build.0 = Release|x64
		{22DAF349-B762-4479-A0F3-DFD60E8A6848}.Release|x86.ActiveCfg = Release|Win32
		{22DAF349-B762-4479-A0F3-DFD60E8A6848}.Release|x86.Build.0 = Release|Win32
		{AB0B64D9-A35F-4FB3-A0F5-7971D8210C7F}.Debug|x64.ActiveCfg = Debug|x64
		{AB0B64D9-A35F-4FB3-A0F5-7971D8210C7F}.Debug|x64.Build.0 = Debug|x64
		{AB0B64D9-A35F-4FB3-A0F5-7971D8210C7F}.Debug|x86.ActiveCfg = Debug|Win32
		{AB0B64D9-A35F-4FB3-A0F5-7971D8210C7F}.Debug|x86.Build.0 = Debug|Win32
		{AB0B64D9-A35F-4FB3-A0F5-7971D8210C7F}.Release|x64.ActiveCfg = Release|x64
		{AB0B64D9-A35F-4FB3-A0F5-7971D8210C7F}.Release|x64.Build.0 = Release|x64
		{AB0B64D9-A35F-4FB3-A0F5-7971D8210C7F}.Release|x86.ActiveCfg = Release|Win32
		{AB0B64D9-A35F-4FB3-A0F5-7971D8210C7F}.Release|x86.Build.0 = Release|Win32
		{1EE23BEA-8FE2-4B2B-9717-93E98BE47FC3}.Debug|x64.ActiveCfg = Debug|x64
		{1EE23BEA-8FE2-4B2B-9717-93E98BE47FC3}.Debug|x64.Build.0 = Debug|x64
		{1EE23BEA-8FE2-4B2B-9717-93E98BE47FC3}.Debug|x86.ActiveCfg = Debug|Win32
		{1EE23BEA-8FE2-4B2B-9717-93E98BE47FC3}.Debug|x86.Build.0 = Debug|Win32
		{1EE23BEA-8FE2-4B2B-9717-93E98BE47FC3}.Release|x64.ActiveCfg = Release|x64
		{1EE23BEA-8FE2-4B2B-9717-93E98BE47FC3}.Release|x64.Build.0 = Release|x64
		{1EE23BEA-8FE2-4B2B-9717-93E98BE47FC3}.Release|x86.ActiveCfg = Release|Win32
		{1EE23BEA-8FE2-4B2B-9717-93E98BE47FC3}.Release|x86.Build.0 = Release|Win32
		{A42DEF8F-83AC-439B-8287-90BEFB7AC3E4}.Debug|x64.ActiveCfg = Debug|x64
		{A42DEF8F-83AC-439B-8287-90BEFB7AC3E4}.Debug|x64.Build.0 = Debug|x64
		{A42DEF8F-83AC-439B-8287-90BEFB7AC3E4}.Debug|x86.ActiveCfg = Debug|Win32
		{A42DEF8F-83AC-439B-8287-90BEFB7AC3E4}.Debug|x86.Build.0 = Debug|Win32
		{A42DEF8F-83AC-439B-8287-90BEFB7AC3E4}.Release|x64.ActiveCfg = Release|x64
		{A42DEF8F-83AC-439B-8287-90BEFB7AC3E4}.Release|x64.Build.0 = Release|x64
		{A42DEF8F-83AC-439B-8287-90BEFB7AC3E4}.Release|x86.ActiveCfg = Release|Win32
		{A42DEF8F-83AC-439B-8287-90BEFB7AC3E4}.Release|x86.Build.0 = Release|Win32
		{933A46AF-C4E3-4DF8-BD7C-0E2565FEE76C}.Debug|x64.ActiveCfg = Debug|x64
		{933A46AF-C4E3-4DF8-BD7C-0E2565FEE76C}.Debug|x64.Build.0 = Debug|x64
		{933A46AF-C4E3-4DF8-BD7C-0E2565FEE76C}.Debug|x86.ActiveCfg = Debug|Win32
		{933A46AF-C4E3-4DF8-BD7C-0E2565FEE76C}.Debug|x86.Build.0 = Debug|Win32
		{933A46AF-C4E3-4DF8-BD7C-0E2565FEE76C}.Release|x64.ActiveCfg = Release|x64
		{933A46AF-C4E3-4DF8-BD7C-0E2565FEE76C}.Release|x64.Build.0 = Release|x64
		{933A46AF-C4E3-4DF8-BD7C-0E2565FEE76C}.Release|x86.ActiveCfg = Release|Win32
		{933A46AF-C4E3-4DF8-BD7C-0E2565FEE76C}.Release|x86.Build.0 = Release|Win32
		{CF190D8C-5125-47B5-AED2-8873A67572BE}.Debug|x64.ActiveCfg = Debug|x64
		{CF190D8C-5125-47B5-AED2-8873A67572BE}.Debug|x64.Build.0 = Debug|x64
		{CF190D8C-5125-47B5-AED2-8873A67572BE}.Debug|x86.ActiveCfg = Debug|Win32
		{CF190D8C-5125-47B5-AED2-8873A67572BE}.Debug|x86.Build.0 = Debug|Win32
		{CF190D8C-5125-47B5-AED2-8873A67572BE}.Release|x64.ActiveCfg = Release|x64
		{CF190D8C-5125-47B5-AED2-8873A67572BE}.Release|x64.Build.0 = Release|x64
		{CF190D8C-5125-47B5-AED2-8873A67572BE}.Release|x86.ActiveCfg = Release|Win32
		{CF190D8C-5125-47B5-AED2-8873A67572BE}.Release|x86.Build.0 = Release|Win32
		{EA2D10F2-0C88-4BA2-84EB-B9A55C0200E8}.Debug|x64.ActiveCfg = Debug|x64
		{EA2D10F2-0C88-4BA2-84EB-B9A55C0200E8}.Debug|x64.Build.0 = Debug|x64
		{EA2D10F2-0C88-4BA2-84EB-B9A55C0200E8}.Debug|x86.ActiveCfg = Debug|Win32
		{EA2D10F2-0C88-4BA2-84EB-B9A55C0200E8}.Debug|x86.Build.0 = Debug|Win32
		{EA2D10F2-0C88-4BA2-84EB-B9A55C0200E8}.Release|x64.ActiveCfg = Release|x64
		{EA2D10F2-0C88-4BA2-84EB-B9A55C0200E8}.Release|x64.Build.0 = Release|x64
		{EA2D10F2-0C88-4BA2-84EB-B9A55C0200E8}.Release|x86.ActiveCfg = Release|Win32
		{EA2D10F2-0C88-4BA2-84EB-B9A55C0200E8}.Release|x86.Build.0 = Release|Win32
		{CB36785B-C9CB-4B3C-AE21-A65DD7031637}.Debug|x64.ActiveCfg = Debug|x64
		{CB36785B-C9CB-4B3C-AE21-A65DD7031637}.Debug|x64.Build.0 = Debug|x64
		{CB36785B-C9CB-4B3C-AE21-A65DD7031637}.Debug|x86.ActiveCfg = Debug|Win32
		{CB36785B-C9CB-4B3C-AE21-A65DD7031637}.Debug|x86.Build.0 = Debug|Win32
		{CB36785B-C9CB-4B3C-AE21-A65DD7031637}.Release|x64.ActiveCfg = Release|x64
		{CB36785B-C9CB-4B3C-AE21-A65DD7031637}.Release|x64.Build.0 = Release|x64
		{CB36785B-C9CB-4B3C-AE21-A65DD7031637}.Release|x86.ActiveCfg = Release|Win32
		{CB36785B-C9CB-4B3C-AE21-A65DD7031637}.Release|x86.Build.0 = Release|Win32
		{9281AC0A-BBA4-47DA-A831-F4C1FFFEABDF}.Debug|x64.ActiveCfg = Debug|x64
		{9281AC0A-BBA4-47DA-A831-F4C1FFFEABDF}.Debug|x64.Build.0 = Debug|x64
		{9281AC0A-BBA4-47DA-A831-F4C1FFFEABDF}.Debug|x86.ActiveCfg = Debug|Win32
		{9281AC0A-BBA4-47DA-A831-F4C1FFFEABDF}.Debug|x86.Build.0 = Debug|Win32
		{9281AC0A-BBA4-47DA-A831-F4C1FFFEABDF}.Release|x64.ActiveCfg = Release|x64
		{9281AC0A-BBA4-47DA-A831-F4C1FFFEABDF}.Release|x64.Build.0 = Release|x64
		{9281AC0A-BBA4-47DA-A831-F4C1FFFEABDF}.Release|x86.ActiveCfg = Release|Win32
		{9281AC0A-BBA4-47DA-A831-F4C1FFFEABDF}.Release|x86.Build.0 = Release|Win32
		{32956CAA-BC11-43A8-AA99-0BC0F824FD2C}.Debug|x64.ActiveCfg = Debug|x64
		{32956CAA-BC11-43A8-AA99-0BC0F824FD2C}.Debug|x64.Build.0 = Debug|x64
		{32956CAA-BC11-43A8-AA99-0BC0F824FD2C}.Debug|x86.ActiveCfg = Debug|Win32
		{32956CAA-BC11-43A8-AA99-0BC0F824FD2C}.Debug|x86.Build.0 = Debug|Win32
		{32956CAA-BC11-43A8-AA99-0BC0F824FD2C}.Release|x64.ActiveCfg = Release|x64
		{32956CAA-BC11-43A8-AA99-0BC0F824FD2C}.Release|x64.Build.0 = Release|x64
		{32956CAA-BC11-43A8-AA99-0BC0F824FD2C}.Release|x86.ActiveCfg = Release|Win32
		{32956CAA-BC11-43A8-AA99-0BC0F824FD2C}.Release|x86.Build.0 = Release|Win32
		{80954D28-A50A-4B5E-918B-94BD73A2521B}.Debug|x64.ActiveCfg = Debug|x64
		{80954D28-A50A-4B5E-918B-94BD73A2521B}.Debug|x64.Build.0 = Debug|x64
		{80954D28-A50A-4B5E-918B-94BD73A2521B}.Debug|x86.ActiveCfg = Debug|Win32
		{80954D28-A50A-4B5E-918B-94BD73A2521B}.Debug|x86.Build.0 = Debug|Win32
		{80954D28-A50A-4B5E-918B-94BD73A2521B}.Release|x64.ActiveCfg = Release|x64
		{80954D28-A50A-4B5E-918B-94BD73A2521B}.Release|x64.Build.0 = Release|x64
		{80954D28-A50A-4B5E-918B-94BD73A2521B}.Release|x86.ActiveCfg = Release|Win32
		{80954D28-A50A-4B5E-918B-94BD73A2521B}.Release|x86.Build.0 = Release|Win32
		{90EDF564-4140-40AB-A4FA-77E7CA2D344F}.Debug|x64.ActiveCfg = Debug|x64
		{90EDF564-4140-40AB-A4FA-77E7CA2D344F}.Debug|x64.Build.0 = Debug|x64
		{90EDF564-4140-40AB-A4FA-77E7CA2D344F}.Debug|x86.ActiveCfg = Debug|Win32
		{90EDF564-4140-40AB-A4FA-77E7CA2D344F}.Debug|x86.Build.0 = Debug|Win32
		{90EDF564-4140-40AB-A4FA-77E7CA2D344F}.Release|x64.ActiveCfg = Release|x64
		{90EDF564-4140-40AB-A4FA-77E7CA2D344F}.Release|x64.Build.0 = Release|x64
		{90EDF564-4140-40AB-A4FA-77E7CA2D344F}.Release|x86.ActiveCfg = Release|Win32
		{90EDF564-4140-40AB-A4FA-77E7CA2D344F}.Release|x86.Build.0 = Release|Win32
		{CE524BBD-8B91-49D8-BD88-529B4905BCDB}.Debug|x64.ActiveCfg = Debug|x64
		{CE524BBD-8B91-49D8-BD88-529B4905BCDB}.Debug|x64.Build.0 = Debug|x64
		{CE524BBD-8B91-49D8-BD88-529B4905BCDB}.Debug|x86.ActiveCfg = Debug|Win32
		{CE524BBD-8B91-49D8-BD88-529B4905BCDB}.Debug|x86.Build.0 = Debug|Win32
		{CE524BBD-8B91-49D8-BD88-529B4905BCDB}.Release|x64.ActiveCfg = Release|x64
		{CE524BBD-8B91-49D8-BD88-529B4905BCDB}.Release|x64.Build.0 = Release|x64
		{CE524BBD-8B91-49D8-BD88-529B4905BCDB}.Release|x86.ActiveCfg = Release|Win32
		{CE524BBD-8B91-49D8-BD88-529B4905BCDB}.Release|x86.Build.0 = Release|Win32
		{C9B6A37E-9308-492B-9C09-FB0B185EB3A4}.Debug|x64.ActiveCfg = Debug|x64
		{C9B6A37E-9308-492B-9C09-FB0B185EB3A4}.Debug|x64.Build.0 = Debug|x64
		{C9B6A37E-9308-492B-9C09-FB0B185EB3A4}.Debug|x86.ActiveCfg = Debug|Win32
		{C9B6A37E-9308-492B-9C09-FB0B185EB3A4}.Debug|x86.Build.0 = Debug|Win32
		{C9B6A37E-9308-492B-9C09-FB0B185EB3A4}.Release|x64.ActiveCfg = Release|x64
		{C9B6A37E-9308-492B-9C09-FB0B185EB3A4}.Release|x64.Build.0 = Release|x64
		{C9B6A37E-9308-492B-9C09-FB0B185EB3A4}.Release|x86.ActiveCfg = Release|Win32
		{C9B6A37E-9308-492B-9C09-FB0B185EB3A4}.Release|x86.Build.0 = Release|Win32
	EndGlobalSection
	GlobalSection(SolutionProperties) = preSolution
		HideSolutionNode = FALSE
	EndGlobalSection
	GlobalSection(ExtensibilityGlobals) = postSolution
		SolutionGuid = {4C38C6E9-8F28-4E96-8F52-0B4A1797C361}
	EndGlobalSection
EndGlobal
