
Microsoft Visual Studio Solution File, Format Version 12.00
# Visual Studio 15
VisualStudioVersion = 15.0.28307.102
MinimumVisualStudioVersion = 10.0.40219.1
Project("{8BC9CEB8-8B4A-11D0-8D11-00A0C91BC942}") = "ArcanaMath", "ArcanaMath\ArcanaMath.vcxproj", "{E24E54E1-AF75-474E-B09A-D7D912C45289}"
EndProject
Project("{8BC9CEB8-8B4A-11D0-8D11-00A0C91BC942}") = "ArcanaLog", "ArcanaLog\ArcanaLog.vcxproj", "{437AC3BB-9576-492F-8779-4ADE6A1856BB}"
EndProject
Project("{8BC9CEB8-8B4A-11D0-8D11-00A0C91BC942}") = "ArcanaCore", "ArcanaCore\ArcanaCore.vcxproj", "{ED1A73DF-A0E3-43B1-88F1-424BA599DDA3}"
EndProject
Project("{8BC9CEB8-8B4A-11D0-8D11-00A0C91BC942}") = "ArcanaPlatform", "ArcanaPlatform\ArcanaPlatform.vcxproj", "{3309AF35-7D38-403E-8894-D53A68939FF3}"
EndProject
Project("{8BC9CEB8-8B4A-11D0-8D11-00A0C91BC942}") = "ArcanaGraphics", "ArcanaGraphics\ArcanaGraphics.vcxproj", "{0CBDC32C-256A-43DE-8514-751288A682BA}"
EndProject
Project("{8BC9CEB8-8B4A-11D0-8D11-00A0C91BC942}") = "ArcanaInput", "ArcanaInput\ArcanaInput.vcxproj", "{A6D0452E-CD28-4878-9982-AE9630FED7AF}"
EndProject
Project("{8BC9CEB8-8B4A-11D0-8D11-00A0C91BC942}") = "ArcanaResource", "ArcanaResource\ArcanaResource.vcxproj", "{5ADF28AD-C4E8-49EC-9678-80BB21AD3E7F}"
EndProject
Project("{8BC9CEB8-8B4A-11D0-8D11-00A0C91BC942}") = "ArcanaIO", "ArcanaIO\ArcanaIO.vcxproj", "{C980B97A-C1F2-4EF8-B1A7-38829AE2DCC4}"
EndProject
Project("{8BC9CEB8-8B4A-11D0-8D11-00A0C91BC942}") = "ArcanaEngine", "ArcanaEngine\ArcanaEngine.vcxproj", "{F38DFF61-8F6B-4468-B3F6-DCB1A24C24C8}"
EndProject
Project("{8BC9CEB8-8B4A-11D0-8D11-00A0C91BC942}") = "ArcanaScene", "ArcanaScene\ArcanaScene.vcxproj", "{D01D3ED8-F6A7-43AA-8BDB-25D3CC34F823}"
EndProject
Project("{8BC9CEB8-8B4A-11D0-8D11-00A0C91BC942}") = "ArcanaPCG", "ArcanaPCG\ArcanaPCG.vcxproj", "{40F2AE2B-3159-4C39-A62B-480CBF9B694B}"
EndProject
Project("{8BC9CEB8-8B4A-11D0-8D11-00A0C91BC942}") = "ArcanaFTL", "ArcanaFTL\ArcanaFTL.vcxproj", "{1083A2C4-212E-4AB9-AD94-62A2DE803C4B}"
EndProject
Project("{8BC9CEB8-8B4A-11D0-8D11-00A0C91BC942}") = "ArrayClient", "Clients\ArrayClient\ArrayClient.vcxproj", "{7D8E053C-0359-4ECA-AF1A-31047E9B6D3E}"
EndProject
Project("{8BC9CEB8-8B4A-11D0-8D11-00A0C91BC942}") = "CoreClient", "Clients\CoreClient\CoreClient.vcxproj", "{D60A8C4F-E53C-4DFB-983D-D7A3FD959CB9}"
EndProject
Project("{8BC9CEB8-8B4A-11D0-8D11-00A0C91BC942}") = "CurveClient", "Clients\CurveClient\CurveClient.vcxproj", "{94FF85BE-D132-49B5-BE34-A1AFB33C1FF3}"
EndProject
Project("{8BC9CEB8-8B4A-11D0-8D11-00A0C91BC942}") = "EngineClient", "Clients\EngineClient\EngineClient.vcxproj", "{11045BA5-5943-4F64-B463-C414443C6E48}"
EndProject
Project("{8BC9CEB8-8B4A-11D0-8D11-00A0C91BC942}") = "FramebufferClient", "Clients\FramebufferClient\FramebufferClient.vcxproj", "{8A83D52D-B993-40CC-B4FD-B0FA5CD22A6C}"
EndProject
Project("{8BC9CEB8-8B4A-11D0-8D11-00A0C91BC942}") = "GraphicsClient", "Clients\GraphicsClient\GraphicsClient.vcxproj", "{EBB1E29B-412F-49A3-A432-2C0208754F01}"
EndProject
Project("{8BC9CEB8-8B4A-11D0-8D11-00A0C91BC942}") = "InputClient", "Clients\InputClient\InputClient.vcxproj", "{355C6FC0-7CE8-49C7-AD2B-18EB733C1DBD}"
EndProject
Project("{8BC9CEB8-8B4A-11D0-8D11-00A0C91BC942}") = "LogClient", "Clients\LogClient\LogClient.vcxproj", "{031DD3D1-FD31-4F88-ACD3-B6EC545D7090}"
EndProject
Project("{8BC9CEB8-8B4A-11D0-8D11-00A0C91BC942}") = "MathClient", "Clients\MathClient\MathClient.vcxproj", "{D1520937-5C47-4739-B5CB-5F0FE40C4B1A}"
EndProject
Project("{8BC9CEB8-8B4A-11D0-8D11-00A0C91BC942}") = "PCGClient", "Clients\PCGClient\PCGClient.vcxproj", "{486822B9-BBD8-4C84-9072-A26002FBC16F}"
EndProject
Project("{8BC9CEB8-8B4A-11D0-8D11-00A0C91BC942}") = "PCGTerrainClient", "Clients\PCGTerrainClient\PCGTerrainClient.vcxproj", "{48CEBDDE-1EAE-40D7-8859-CDD701250A81}"
EndProject
Project("{8BC9CEB8-8B4A-11D0-8D11-00A0C91BC942}") = "RenderClient", "Clients\RenderClient\RenderClient.vcxproj", "{A029AF6D-0092-4A66-B1E2-A81A7F6E20F9}"
EndProject
Project("{8BC9CEB8-8B4A-11D0-8D11-00A0C91BC942}") = "SceneMathClient", "Clients\SceneMathClient\SceneMathClient.vcxproj", "{2A77CE1D-17AA-4070-A55A-3C873E66ED9A}"
EndProject
Project("{8BC9CEB8-8B4A-11D0-8D11-00A0C91BC942}") = "SerializationClient", "Clients\SerializationClient\SerializationClient.vcxproj", "{ED5D6410-1446-4516-9815-1545BA46BCD3}"
EndProject
Project("{8BC9CEB8-8B4A-11D0-8D11-00A0C91BC942}") = "TaskClient", "Clients\TaskClient\TaskClient.vcxproj", "{038CF1B6-4966-4F12-ABB6-7F848B0EA66C}"
EndProject
Project("{8BC9CEB8-8B4A-11D0-8D11-00A0C91BC942}") = "TerrainClient", "Clients\TerrainClient\TerrainClient.vcxproj", "{6E267AF5-37A4-40BD-A839-24E6C1D7F738}"
EndProject
Project("{8BC9CEB8-8B4A-11D0-8D11-00A0C91BC942}") = "TextureClient", "Clients\TextureClient\TextureClient.vcxproj", "{22DAF349-B762-4479-A0F3-DFD60E8A6848}"
EndProject
Project("{8BC9CEB8-8B4A-11D0-8D11-00A0C91BC942}") = "ThreadClient", "Clients\ThreadClient\ThreadClient.vcxproj", "{AB0B64D9-A35F-4FB3-A0F5-7971D8210C7F}"
EndProject
Project("{8BC9CEB8-8B4A-11D0-8D11-00A0C91BC942}") = "WindowsPlatformClient", "Clients\WindowsPlatformClient\WindowsPlatformClient.vcxproj", "{1EE23BEA-8FE2-4B2B-9717-93E98BE47FC3}"
EndProject
Project("{8BC9CEB8-8B4A-11D0-8D11-00A0C91BC942}") = "XMLClient", "Clients\XMLClient\XMLClient.vcxproj", "{BFFA70D3-4492-4070-9D48-66BEFD117973}"
EndProject
Global
	GlobalSection(SolutionConfigurationPlatforms) = preSolution
		Debug|x64 = Debug|x64
		Debug|x86 = Debug|x86
		Release|x64 = Release|x64
		Release|x86 = Release|x86
	EndGlobalSection
	GlobalSection(ProjectConfigurationPlatforms) = postSolution
		{E24E54E1-AF75-474E-B09A-D7D912C45289}.Debug|x64.ActiveCfg = Debug|x64
		{E24E54E1-AF75-474E-B09A-D7D912C45289}.Debug|x64.Build.0 = Debug|x64
		{E24E54E1-AF75-474E-B09A-D7D912C45289}.Debug|x86.ActiveCfg = Debug|Win32
		{E24E54E1-AF75-474E-B09A-D7D912C45289}.Debug|x86.Build.0 = Debug|Win32
		{E24E54E1-AF75-474E-B09A-D7D912C45289}.Release|x64.ActiveCfg = Release|x64
		{E24E54E1-AF75-474E-B09A-D7D912C45289}.Release|x64.Build.0 = Release|x64
		{E24E54E1-AF75-474E-B09A-D7D912C45289}.Release|x86.ActiveCfg = Release|Win32
		{E24E54E1-AF75-474E-B09A-D7D912C45289}.Release|x86.Build.0 = Release|Win32
		{437AC3BB-9576-492F-8779-4ADE6A1856BB}.Debug|x64.ActiveCfg = Debug|x64
		{437AC3BB-9576-492F-8779-4ADE6A1856BB}.Debug|x64.Build.0 = Debug|x64
		{437AC3BB-9576-492F-8779-4ADE6A1856BB}.Debug|x86.ActiveCfg = Debug|Win32
		{437AC3BB-9576-492F-8779-4ADE6A1856BB}.Debug|x86.Build.0 = Debug|Win32
		{437AC3BB-9576-492F-8779-4ADE6A1856BB}.Release|x64.ActiveCfg = Release|x64
		{437AC3BB-9576-492F-8779-4ADE6A1856BB}.Release|x64.Build.0 = Release|x64
		{437AC3BB-9576-492F-8779-4ADE6A1856BB}.Release|x86.ActiveCfg = Release|Win32
		{437AC3BB-9576-492F-8779-4ADE6A1856BB}.Release|x86.Build.0 = Release|Win32
		{ED1A73DF-A0E3-43B1-88F1-424BA599DDA3}.Debug|x64.ActiveCfg = Debug|x64
		{ED1A73DF-A0E3-43B1-88F1-424BA599DDA3}.Debug|x64.Build.0 = Debug|x64
		{ED1A73DF-A0E3-43B1-88F1-424BA599DDA3}.Debug|x86.ActiveCfg = Debug|Win32
		{ED1A73DF-A0E3-43B1-88F1-424BA599DDA3}.Debug|x86.Build.0 = Debug|Win32
		{ED1A73DF-A0E3-43B1-88F1-424BA599DDA3}.Release|x64.ActiveCfg = Release|x64
		{ED1A73DF-A0E3-43B1-88F1-424BA599DDA3}.Release|x64.Build.0 = Release|x64
		{ED1A73DF-A0E3-43B1-88F1-424BA599DDA3}.Release|x86.ActiveCfg = Release|Win32
		{ED1A73DF-A0E3-43B1-88F1-424BA599DDA3}.Release|x86.Build.0 = Release|Win32
		{3309AF35-7D38-403E-8894-D53A68939FF3}.Debug|x64.ActiveCfg = Debug|x64
		{3309AF35-7D38-403E-8894-D53A68939FF3}.Debug|x64.Build.0 = Debug|x64
		{3309AF35-7D38-403E-8894-D53A68939FF3}.Debug|x86.ActiveCfg = Debug|Win32
		{3309AF35-7D38-403E-8894-D53A68939FF3}.Debug|x86.Build.0 = Debug|Win32
		{3309AF35-7D38-403E-8894-D53A68939FF3}.Release|x64.ActiveCfg = Release|x64
		{3309AF35-7D38-403E-8894-D53A68939FF3}.Release|x64.Build.0 = Release|x64
		{3309AF35-7D38-403E-8894-D53A68939FF3}.Release|x86.ActiveCfg = Release|Win32
		{3309AF35-7D38-403E-8894-D53A68939FF3}.Release|x86.Build.0 = Release|Win32
		{0CBDC32C-256A-43DE-8514-751288A682BA}.Debug|x64.ActiveCfg = Debug|x64
		{0CBDC32C-256A-43DE-8514-751288A682BA}.Debug|x64.Build.0 = Debug|x64
		{0CBDC32C-256A-43DE-8514-751288A682BA}.Debug|x86.ActiveCfg = Debug|Win32
		{0CBDC32C-256A-43DE-8514-751288A682BA}.Debug|x86.Build.0 = Debug|Win32
		{0CBDC32C-256A-43DE-8514-751288A682BA}.Release|x64.ActiveCfg = Release|x64
		{0CBDC32C-256A-43DE-8514-751288A682BA}.Release|x64.Build.0 = Release|x64
		{0CBDC32C-256A-43DE-8514-751288A682BA}.Release|x86.ActiveCfg = Release|Win32
		{0CBDC32C-256A-43DE-8514-751288A682BA}.Release|x86.Build.0 = Release|Win32
		{A6D0452E-CD28-4878-9982-AE9630FED7AF}.Debug|x64.ActiveCfg = Debug|x64
		{A6D0452E-CD28-4878-9982-AE9630FED7AF}.Debug|x64.Build.0 = Debug|x64
		{A6D0452E-CD28-4878-9982-AE9630FED7AF}.Debug|x86.ActiveCfg = Debug|Win32
		{A6D0452E-CD28-4878-9982-AE9630FED7AF}.Debug|x86.Build.0 = Debug|Win32
		{A6D0452E-CD28-4878-9982-AE9630FED7AF}.Release|x64.ActiveCfg = Release|x64
		{A6D0452E-CD28-4878-9982-AE9630FED7AF}.Release|x64.Build.0 = Release|x64
		{A6D0452E-CD28-4878-9982-AE9630FED7AF}.Release|x86.ActiveCfg = Release|Win32
		{A6D0452E-CD28-4878-9982-AE9630FED7AF}.Release|x86.Build.0 = Release|Win32
		{5ADF28AD-C4E8-49EC-9678-80BB21AD3E7F}.Debug|x64.ActiveCfg = Debug|x64
		{5ADF28AD-C4E8-49EC-9678-80BB21AD3E7F}.Debug|x64.Build.0 = Debug|x64
		{5ADF28AD-C4E8-49EC-9678-80BB21AD3E7F}.Debug|x86.ActiveCfg = Debug|Win32
		{5ADF28AD-C4E8-49EC-9678-80BB21AD3E7F}.Debug|x86.Build.0 = Debug|Win32
		{5ADF28AD-C4E8-49EC-9678-80BB21AD3E7F}.Release|x64.ActiveCfg = Release|x64
		{5ADF28AD-C4E8-49EC-9678-80BB21AD3E7F}.Release|x64.Build.0 = Release|x64
		{5ADF28AD-C4E8-49EC-9678-80BB21AD3E7F}.Release|x86.ActiveCfg = Release|Win32
		{5ADF28AD-C4E8-49EC-9678-80BB21AD3E7F}.Release|x86.Build.0 = Release|Win32
		{C980B97A-C1F2-4EF8-B1A7-38829AE2DCC4}.Debug|x64.ActiveCfg = Debug|x64
		{C980B97A-C1F2-4EF8-B1A7-38829AE2DCC4}.Debug|x64.Build.0 = Debug|x64
		{C980B97A-C1F2-4EF8-B1A7-38829AE2DCC4}.Debug|x86.ActiveCfg = Debug|Win32
		{C980B97A-C1F2-4EF8-B1A7-38829AE2DCC4}.Debug|x86.Build.0 = Debug|Win32
		{C980B97A-C1F2-4EF8-B1A7-38829AE2DCC4}.Release|x64.ActiveCfg = Release|x64
		{C980B97A-C1F2-4EF8-B1A7-38829AE2DCC4}.Release|x64.Build.0 = Release|x64
		{C980B97A-C1F2-4EF8-B1A7-38829AE2DCC4}.Release|x86.ActiveCfg = Release|Win32
		{C980B97A-C1F2-4EF8-B1A7-38829AE2DCC4}.Release|x86.Build.0 = Release|Win32
		{F38DFF61-8F6B-4468-B3F6-DCB1A24C24C8}.Debug|x64.ActiveCfg = Debug|x64
		{F38DFF61-8F6B-4468-B3F6-DCB1A24C24C8}.Debug|x64.Build.0 = Debug|x64
		{F38DFF61-8F6B-4468-B3F6-DCB1A24C24C8}.Debug|x86.ActiveCfg = Debug|Win32
		{F38DFF61-8F6B-4468-B3F6-DCB1A24C24C8}.Debug|x86.Build.0 = Debug|Win32
		{F38DFF61-8F6B-4468-B3F6-DCB1A24C24C8}.Release|x64.ActiveCfg = Release|x64
		{F38DFF61-8F6B-4468-B3F6-DCB1A24C24C8}.Release|x64.Build.0 = Release|x64
		{F38DFF61-8F6B-4468-B3F6-DCB1A24C24C8}.Release|x86.ActiveCfg = Release|Win32
		{F38DFF61-8F6B-4468-B3F6-DCB1A24C24C8}.Release|x86.Build.0 = Release|Win32
		{D01D3ED8-F6A7-43AA-8BDB-25D3CC34F823}.Debug|x64.ActiveCfg = Debug|x64
		{D01D3ED8-F6A7-43AA-8BDB-25D3CC34F823}.Debug|x64.Build.0 = Debug|x64
		{D01D3ED8-F6A7-43AA-8BDB-25D3CC34F823}.Debug|x86.ActiveCfg = Debug|Win32
		{D01D3ED8-F6A7-43AA-8BDB-25D3CC34F823}.Debug|x86.Build.0 = Debug|Win32
		{D01D3ED8-F6A7-43AA-8BDB-25D3CC34F823}.Release|x64.ActiveCfg = Release|x64
		{D01D3ED8-F6A7-43AA-8BDB-25D3CC34F823}.Release|x64.Build.0 = Release|x64
		{D01D3ED8-F6A7-43AA-8BDB-25D3CC34F823}.Release|x86.ActiveCfg = Release|Win32
		{D01D3ED8-F6A7-43AA-8BDB-25D3CC34F823}.Release|x86.Build.0 = Release|Win32
		{40F2AE2B-3159-4C39-A62B-480CBF9B694B}.Debug|x64.ActiveCfg = Debug|x64
		{40F2AE2B-3159-4C39-A62B-480CBF9B694B}.Debug|x64.Build.0 = Debug|x64
		{40F2AE2B-3159-4C39-A62B-480CBF9B694B}.Debug|x86.ActiveCfg = Debug|Win32
		{40F2AE2B-3159-4C39-A62B-480CBF9B694B}.Debug|x86.Build.0 = Debug|Win32
		{40F2AE2B-3159-4C39-A62B-480CBF9B694B}.Release|x64.ActiveCfg = Release|x64
		{40F2AE2B-3159-4C39-A62B-480CBF9B694B}.Release|x64.Build.0 = Release|x64
		{40F2AE2B-3159-4C39-A62B-480CBF9B694B}.Release|x86.ActiveCfg = Release|Win32
		{40F2AE2B-3159-4C39-A62B-480CBF9B694B}.Release|x86.Build.0 = Release|Win32
		{1083A2C4-212E-4AB9-AD94-62A2DE803C4B}.Debug|x64.ActiveCfg = Debug|x64
		{1083A2C4-212E-4AB9-AD94-62A2DE803C4B}.Debug|x64.Build.0 = Debug|x64
		{1083A2C4-212E-4AB9-AD94-62A2DE803C4B}.Debug|x86.ActiveCfg = Debug|Win32
		{1083A2C4-212E-4AB9-AD94-62A2DE803C4B}.Debug|x86.Build.0 = Debug|Win32
		{1083A2C4-212E-4AB9-AD94-62A2DE803C4B}.Release|x64.ActiveCfg = Release|x64
		{1083A2C4-212E-4AB9-AD94-62A2DE803C4B}.Release|x64.Build.0 = Release|x64
		{1083A2C4-212E-4AB9-AD94-62A2DE803C4B}.Release|x86.ActiveCfg = Release|Win32
		{1083A2C4-212E-4AB9-AD94-62A2DE803C4B}.Release|x86.Build.0 = Release|Win32
		{7D8E053C-0359-4ECA-AF1A-31047E9B6D3E}.Debug|x64.ActiveCfg = Debug|x64
		{7D8E053C-0359-4ECA-AF1A-31047E9B6D3E}.Debug|x64.Build.0 = Debug|x64
		{7D8E053C-0359-4ECA-AF1A-31047E9B6D3E}.Debug|x86.ActiveCfg = Debug|Win32
		{7D8E053C-0359-4ECA-AF1A-31047E9B6D3E}.Debug|x86.Build.0 = Debug|Win32
		{7D8E053C-0359-4ECA-AF1A-31047E9B6D3E}.Release|x64.ActiveCfg = Release|x64
		{7D8E053C-0359-4ECA-AF1A-31047E9B6D3E}.Release|x64.Build.0 = Release|x64
		{7D8E053C-0359-4ECA-AF1A-31047E9B6D3E}.Release|x86.ActiveCfg = Release|Win32
		{7D8E053C-0359-4ECA-AF1A-31047E9B6D3E}.Release|x86.Build.0 = Release|Win32
		{D60A8C4F-E53C-4DFB-983D-D7A3FD959CB9}.Debug|x64.ActiveCfg = Debug|x64
		{D60A8C4F-E53C-4DFB-983D-D7A3FD959CB9}.Debug|x64.Build.0 = Debug|x64
		{D60A8C4F-E53C-4DFB-983D-D7A3FD959CB9}.Debug|x86.ActiveCfg = Debug|Win32
		{D60A8C4F-E53C-4DFB-983D-D7A3FD959CB9}.Debug|x86.Build.0 = Debug|Win32
		{D60A8C4F-E53C-4DFB-983D-D7A3FD959CB9}.Release|x64.ActiveCfg = Release|x64
		{D60A8C4F-E53C-4DFB-983D-D7A3FD959CB9}.Release|x64.Build.0 = Release|x64
		{D60A8C4F-E53C-4DFB-983D-D7A3FD959CB9}.Release|x86.ActiveCfg = Release|Win32
		{D60A8C4F-E53C-4DFB-983D-D7A3FD959CB9}.Release|x86.Build.0 = Release|Win32
		{94FF85BE-D132-49B5-BE34-A1AFB33C1FF3}.Debug|x64.ActiveCfg = Debug|x64
		{94FF85BE-D132-49B5-BE34-A1AFB33C1FF3}.Debug|x64.Build.0 = Debug|x64
		{94FF85BE-D132-49B5-BE34-A1AFB33C1FF3}.Debug|x86.ActiveCfg = Debug|Win32
		{94FF85BE-D132-49B5-BE34-A1AFB33C1FF3}.Debug|x86.Build.0 = Debug|Win32
		{94FF85BE-D132-49B5-BE34-A1AFB33C1FF3}.Release|x64.ActiveCfg = Release|x64
		{94FF85BE-D132-49B5-BE34-A1AFB33C1FF3}.Release|x64.Build.0 = Release|x64
		{94FF85BE-D132-49B5-BE34-A1AFB33C1FF3}.Release|x86.ActiveCfg = Release|Win32
		{94FF85BE-D132-49B5-BE34-A1AFB33C1FF3}.Release|x86.Build.0 = Release|Win32
		{11045BA5-5943-4F64-B463-C414443C6E48}.Debug|x64.ActiveCfg = Debug|x64
		{11045BA5-5943-4F64-B463-C414443C6E48}.Debug|x64.Build.0 = Debug|x64
		{11045BA5-5943-4F64-B463-C414443C6E48}.Debug|x86.ActiveCfg = Debug|Win32
		{11045BA5-5943-4F64-B463-C414443C6E48}.Debug|x86.Build.0 = Debug|Win32
		{11045BA5-5943-4F64-B463-C414443C6E48}.Release|x64.ActiveCfg = Release|x64
		{11045BA5-5943-4F64-B463-C414443C6E48}.Release|x64.Build.0 = Release|x64
		{11045BA5-5943-4F64-B463-C414443C6E48}.Release|x86.ActiveCfg = Release|Win32
		{11045BA5-5943-4F64-B463-C414443C6E48}.Release|x86.Build.0 = Release|Win32
		{8A83D52D-B993-40CC-B4FD-B0FA5CD22A6C}.Debug|x64.ActiveCfg = Debug|x64
		{8A83D52D-B993-40CC-B4FD-B0FA5CD22A6C}.Debug|x64.Build.0 = Debug|x64
		{8A83D52D-B993-40CC-B4FD-B0FA5CD22A6C}.Debug|x86.ActiveCfg = Debug|Win32
		{8A83D52D-B993-40CC-B4FD-B0FA5CD22A6C}.Debug|x86.Build.0 = Debug|Win32
		{8A83D52D-B993-40CC-B4FD-B0FA5CD22A6C}.Release|x64.ActiveCfg = Release|x64
		{8A83D52D-B993-40CC-B4FD-B0FA5CD22A6C}.Release|x64.Build.0 = Release|x64
		{8A83D52D-B993-40CC-B4FD-B0FA5CD22A6C}.Release|x86.ActiveCfg = Release|Win32
		{8A83D52D-B993-40CC-B4FD-B0FA5CD22A6C}.Release|x86.Build.0 = Release|Win32
		{EBB1E29B-412F-49A3-A432-2C0208754F01}.Debug|x64.ActiveCfg = Debug|x64
		{EBB1E29B-412F-49A3-A432-2C0208754F01}.Debug|x64.Build.0 = Debug|x64
		{EBB1E29B-412F-49A3-A432-2C0208754F01}.Debug|x86.ActiveCfg = Debug|Win32
		{EBB1E29B-412F-49A3-A432-2C0208754F01}.Debug|x86.Build.0 = Debug|Win32
		{EBB1E29B-412F-49A3-A432-2C0208754F01}.Release|x64.ActiveCfg = Release|x64
		{EBB1E29B-412F-49A3-A432-2C0208754F01}.Release|x64.Build.0 = Release|x64
		{EBB1E29B-412F-49A3-A432-2C0208754F01}.Release|x86.ActiveCfg = Release|Win32
		{EBB1E29B-412F-49A3-A432-2C0208754F01}.Release|x86.Build.0 = Release|Win32
		{355C6FC0-7CE8-49C7-AD2B-18EB733C1DBD}.Debug|x64.ActiveCfg = Debug|x64
		{355C6FC0-7CE8-49C7-AD2B-18EB733C1DBD}.Debug|x64.Build.0 = Debug|x64
		{355C6FC0-7CE8-49C7-AD2B-18EB733C1DBD}.Debug|x86.ActiveCfg = Debug|Win32
		{355C6FC0-7CE8-49C7-AD2B-18EB733C1DBD}.Debug|x86.Build.0 = Debug|Win32
		{355C6FC0-7CE8-49C7-AD2B-18EB733C1DBD}.Release|x64.ActiveCfg = Release|x64
		{355C6FC0-7CE8-49C7-AD2B-18EB733C1DBD}.Release|x64.Build.0 = Release|x64
		{355C6FC0-7CE8-49C7-AD2B-18EB733C1DBD}.Release|x86.ActiveCfg = Release|Win32
		{355C6FC0-7CE8-49C7-AD2B-18EB733C1DBD}.Release|x86.Build.0 = Release|Win32
		{031DD3D1-FD31-4F88-ACD3-B6EC545D7090}.Debug|x64.ActiveCfg = Debug|x64
		{031DD3D1-FD31-4F88-ACD3-B6EC545D7090}.Debug|x64.Build.0 = Debug|x64
		{031DD3D1-FD31-4F88-ACD3-B6EC545D7090}.Debug|x86.ActiveCfg = Debug|Win32
		{031DD3D1-FD31-4F88-ACD3-B6EC545D7090}.Debug|x86.Build.0 = Debug|Win32
		{031DD3D1-FD31-4F88-ACD3-B6EC545D7090}.Release|x64.ActiveCfg = Release|x64
		{031DD3D1-FD31-4F88-ACD3-B6EC545D7090}.Release|x64.Build.0 = Release|x64
		{031DD3D1-FD31-4F88-ACD3-B6EC545D7090}.Release|x86.ActiveCfg = Release|Win32
		{031DD3D1-FD31-4F88-ACD3-B6EC545D7090}.Release|x86.Build.0 = Release|Win32
		{D1520937-5C47-4739-B5CB-5F0FE40C4B1A}.Debug|x64.ActiveCfg = Debug|x64
		{D1520937-5C47-4739-B5CB-5F0FE40C4B1A}.Debug|x64.Build.0 = Debug|x64
		{D1520937-5C47-4739-B5CB-5F0FE40C4B1A}.Debug|x86.ActiveCfg = Debug|Win32
		{D1520937-5C47-4739-B5CB-5F0FE40C4B1A}.Debug|x86.Build.0 = Debug|Win32
		{D1520937-5C47-4739-B5CB-5F0FE40C4B1A}.Release|x64.ActiveCfg = Release|x64
		{D1520937-5C47-4739-B5CB-5F0FE40C4B1A}.Release|x64.Build.0 = Release|x64
		{D1520937-5C47-4739-B5CB-5F0FE40C4B1A}.Release|x86.ActiveCfg = Release|Win32
		{D1520937-5C47-4739-B5CB-5F0FE40C4B1A}.Release|x86.Build.0 = Release|Win32
		{486822B9-BBD8-4C84-9072-A26002FBC16F}.Debug|x64.ActiveCfg = Debug|x64
		{486822B9-BBD8-4C84-9072-A26002FBC16F}.Debug|x64.Build.0 = Debug|x64
		{486822B9-BBD8-4C84-9072-A26002FBC16F}.Debug|x86.ActiveCfg = Debug|Win32
		{486822B9-BBD8-4C84-9072-A26002FBC16F}.Debug|x86.Build.0 = Debug|Win32
		{486822B9-BBD8-4C84-9072-A26002FBC16F}.Release|x64.ActiveCfg = Release|x64
		{486822B9-BBD8-4C84-9072-A26002FBC16F}.Release|x64.Build.0 = Release|x64
		{486822B9-BBD8-4C84-9072-A26002FBC16F}.Release|x86.ActiveCfg = Release|Win32
		{486822B9-BBD8-4C84-9072-A26002FBC16F}.Release|x86.Build.0 = Release|Win32
		{48CEBDDE-1EAE-40D7-8859-CDD701250A81}.Debug|x64.ActiveCfg = Debug|x64
		{48CEBDDE-1EAE-40D7-8859-CDD701250A81}.Debug|x64.Build.0 = Debug|x64
		{48CEBDDE-1EAE-40D7-8859-CDD701250A81}.Debug|x86.ActiveCfg = Debug|Win32
		{48CEBDDE-1EAE-40D7-8859-CDD701250A81}.Debug|x86.Build.0 = Debug|Win32
		{48CEBDDE-1EAE-40D7-8859-CDD701250A81}.Release|x64.ActiveCfg = Release|x64
		{48CEBDDE-1EAE-40D7-8859-CDD701250A81}.Release|x64.Build.0 = Release|x64
		{48CEBDDE-1EAE-40D7-8859-CDD701250A81}.Release|x86.ActiveCfg = Release|Win32
		{48CEBDDE-1EAE-40D7-8859-CDD701250A81}.Release|x86.Build.0 = Release|Win32
		{A029AF6D-0092-4A66-B1E2-A81A7F6E20F9}.Debug|x64.ActiveCfg = Debug|x64
		{A029AF6D-0092-4A66-B1E2-A81A7F6E20F9}.Debug|x64.Build.0 = Debug|x64
		{A029AF6D-0092-4A66-B1E2-A81A7F6E20F9}.Debug|x86.ActiveCfg = Debug|Win32
		{A029AF6D-0092-4A66-B1E2-A81A7F6E20F9}.Debug|x86.Build.0 = Debug|Win32
		{A029AF6D-0092-4A66-B1E2-A81A7F6E20F9}.Release|x64.ActiveCfg = Release|x64
		{A029AF6D-0092-4A66-B1E2-A81A7F6E20F9}.Release|x64.Build.0 = Release|x64
		{A029AF6D-0092-4A66-B1E2-A81A7F6E20F9}.Release|x86.ActiveCfg = Release|Win32
		{A029AF6D-0092-4A66-B1E2-A81A7F6E20F9}.Release|x86.Build.0 = Release|Win32
		{2A77CE1D-17AA-4070-A55A-3C873E66ED9A}.Debug|x64.ActiveCfg = Debug|x64
		{2A77CE1D-17AA-4070-A55A-3C873E66ED9A}.Debug|x64.Build.0 = Debug|x64
		{2A77CE1D-17AA-4070-A55A-3C873E66ED9A}.Debug|x86.ActiveCfg = Debug|Win32
		{2A77CE1D-17AA-4070-A55A-3C873E66ED9A}.Debug|x86.Build.0 = Debug|Win32
		{2A77CE1D-17AA-4070-A55A-3C873E66ED9A}.Release|x64.ActiveCfg = Release|x64
		{2A77CE1D-17AA-4070-A55A-3C873E66ED9A}.Release|x64.Build.0 = Release|x64
		{2A77CE1D-17AA-4070-A55A-3C873E66ED9A}.Release|x86.ActiveCfg = Release|Win32
		{2A77CE1D-17AA-4070-A55A-3C873E66ED9A}.Release|x86.Build.0 = Release|Win32
		{ED5D6410-1446-4516-9815-1545BA46BCD3}.Debug|x64.ActiveCfg = Debug|x64
		{ED5D6410-1446-4516-9815-1545BA46BCD3}.Debug|x64.Build.0 = Debug|x64
		{ED5D6410-1446-4516-9815-1545BA46BCD3}.Debug|x86.ActiveCfg = Debug|Win32
		{ED5D6410-1446-4516-9815-1545BA46BCD3}.Debug|x86.Build.0 = Debug|Win32
		{ED5D6410-1446-4516-9815-1545BA46BCD3}.Release|x64.ActiveCfg = Release|x64
		{ED5D6410-1446-4516-9815-1545BA46BCD3}.Release|x64.Build.0 = Release|x64
		{ED5D6410-1446-4516-9815-1545BA46BCD3}.Release|x86.ActiveCfg = Release|Win32
		{ED5D6410-1446-4516-9815-1545BA46BCD3}.Release|x86.Build.0 = Release|Win32
		{038CF1B6-4966-4F12-ABB6-7F848B0EA66C}.Debug|x64.ActiveCfg = Debug|x64
		{038CF1B6-4966-4F12-ABB6-7F848B0EA66C}.Debug|x64.Build.0 = Debug|x64
		{038CF1B6-4966-4F12-ABB6-7F848B0EA66C}.Debug|x86.ActiveCfg = Debug|Win32
		{038CF1B6-4966-4F12-ABB6-7F848B0EA66C}.Debug|x86.Build.0 = Debug|Win32
		{038CF1B6-4966-4F12-ABB6-7F848B0EA66C}.Release|x64.ActiveCfg = Release|x64
		{038CF1B6-4966-4F12-ABB6-7F848B0EA66C}.Release|x64.Build.0 = Release|x64
		{038CF1B6-4966-4F12-ABB6-7F848B0EA66C}.Release|x86.ActiveCfg = Release|Win32
		{038CF1B6-4966-4F12-ABB6-7F848B0EA66C}.Release|x86.Build.0 = Release|Win32
		{6E267AF5-37A4-40BD-A839-24E6C1D7F738}.Debug|x64.ActiveCfg = Debug|x64
		{6E267AF5-37A4-40BD-A839-24E6C1D7F738}.Debug|x64.Build.0 = Debug|x64
		{6E267AF5-37A4-40BD-A839-24E6C1D7F738}.Debug|x86.ActiveCfg = Debug|Win32
		{6E267AF5-37A4-40BD-A839-24E6C1D7F738}.Debug|x86.Build.0 = Debug|Win32
		{6E267AF5-37A4-40BD-A839-24E6C1D7F738}.Release|x64.ActiveCfg = Release|x64
		{6E267AF5-37A4-40BD-A839-24E6C1D7F738}.Release|x64.Build.0 = Release|x64
		{6E267AF5-37A4-40BD-A839-24E6C1D7F738}.Release|x86.ActiveCfg = Release|Win32
		{6E267AF5-37A4-40BD-A839-24E6C1D7F738}.Release|x86.Build.0 = Release|Win32
		{22DAF349-B762-4479-A0F3-DFD60E8A6848}.Debug|x64.ActiveCfg = Debug|x64
		{22DAF349-B762-4479-A0F3-DFD60E8A6848}.Debug|x64.Build.0 = Debug|x64
		{22DAF349-B762-4479-A0F3-DFD60E8A6848}.Debug|x86.ActiveCfg = Debug|Win32
		{22DAF349-B762-4479-A0F3-DFD60E8A6848}.Debug|x86.Build.0 = Debug|Win32
		{22DAF349-B762-4479-A0F3-DFD60E8A6848}.Release|x64.ActiveCfg = Release|x64
		{22DAF349-B762-4479-A0F3-DFD60E8A6848}.Release|x64.Build.0 = Release|x64
		{22DAF349-B762-4479-A0F3-DFD60E8A6848}.Release|x86.ActiveCfg = Release|Win32
		{22DAF349-B762-4479-A0F3-DFD60E8A6848}.Release|x86.Build.0 = Release|Win32
		{AB0B64D9-A35F-4FB3-A0F5-7971D8210C7F}.Debug|x64.ActiveCfg = Debug|x64
		{AB0B64D9-A35F-4FB3-A0F5-7971D8210C7F}.Debug|x64.Build.0 = Debug|x64
		{AB0B64D9-A35F-4FB3-A0F5-7971D8210C7F}.Debug|x86.ActiveCfg = Debug|Win32
		{AB0B64D9-A35F-4FB3-A0F5-7971D8210C7F}.Debug|x86.Build.0 = Debug|Win32
		{AB0B64D9-A35F-4FB3-A0F5-7971D8210C7F}.Release|x64.ActiveCfg = Release|x64
		{AB0B64D9-A35F-4FB3-A0F5-7971D8210C7F}.Release|x64.Build.0 = Release|x64
		{AB0B64D9-A35F-4FB3-A0F5-7971D8210C7F}.Release|x86.ActiveCfg = Release|Win32
		{AB0B64D9-A35F-4FB3-A0F5-7971D8210C7F}.Release|x86.Build.0 = Release|Win32
		{1EE23BEA-8FE2-4B2B-9717-93E98BE47FC3}.Debug|x64.ActiveCfg = Debug|x64
		{1EE23BEA-8FE2-4B2B-9717-93E98BE47FC3}.Debug|x64.Build.0 = Debug|x64
		{1EE23BEA-8FE2-4B2B-9717-93E98BE47FC3}.Debug|x86.ActiveCfg = Debug|Win32
		{1EE23BEA-8FE2-4B2B-9717-93E98BE47FC3}.Debug|x86.Build.0 = Debug|Win32
		{1EE23BEA-8FE2-4B2B-9717-93E98BE47FC3}.Release|x64.ActiveCfg = Release|x64
		{1EE23BEA-8FE2-4B2B-9717-93E98BE47FC3}.Release|x64.Build.0 = Release|x64
		{1EE23BEA-8FE2-4B2B-9717-93E98BE47FC3}.Release|x86.ActiveCfg = Release|Win32
		{1EE23BEA-8FE2-4B2B-9717-93E98BE47FC3}.Release|x86.Build.0 = Release|Win32
		{BFFA70D3-4492-4070-9D48-66BEFD117973}.Debug|x64.ActiveCfg = Debug|x64
		{BFFA70D3-4492-4070-9D48-66BEFD117973}.Debug|x64.Build.0 = Debug|x64
		{BFFA70D3-4492-4070-9D48-66BEFD117973}.Debug|x86.ActiveCfg = Debug|Win32
		{BFFA70D3-4492-4070-9D48-66BEFD117973}.Debug|x86.Build.0 = Debug|Win32
		{BFFA70D3-4492-4070-9D48-66BEFD117973}.Release|x64.ActiveCfg = Release|x64
		{BFFA70D3-4492-4070-9D48-66BEFD117973}.Release|x64.Build.0 = Release|x64
		{BFFA70D3-4492-4070-9D48-66BEFD117973}.Release|x86.ActiveCfg = Release|Win32
		{BFFA70D3-4492-4070-9D48-66BEFD117973}.Release|x86.Build.0 = Release|Win32
	EndGlobalSection
	GlobalSection(SolutionProperties) = preSolution
		HideSolutionNode = FALSE
	EndGlobalSection
	GlobalSection(ExtensibilityGlobals) = postSolution
		SolutionGuid = {4C38C6E9-8F28-4E96-8F52-0B4A1797C361}
	EndGlobalSection
EndGlobal
