<?xml version="1.0" encoding="utf-8"?>
<Project ToolsVersion="4.0" xmlns="http://schemas.microsoft.com/developer/msbuild/2003">
  <ItemGroup>
    <Filter Include="Source Files">
      <UniqueIdentifier>{4FC737F1-C7A5-4376-A066-2A32D752A2FF}</UniqueIdentifier>
      <Extensions>cpp;c;cc;cxx;def;odl;idl;hpj;bat;asm;asmx</Extensions>
    </Filter>
    <Filter Include="Header Files">
      <UniqueIdentifier>{93995380-89BD-4b04-88EB-625FBE52EBFB}</UniqueIdentifier>
      <Extensions>h;hh;hpp;hxx;hm;inl;inc;xsd</Extensions>
    </Filter>
    <Filter Include="Resource Files">
      <UniqueIdentifier>{67DA6AB6-F800-4c08-8B7A-83BB121AAD01}</UniqueIdentifier>
      <Extensions>rc;ico;cur;bmp;dlg;rc2;rct;bin;rgs;gif;jpg;jpeg;jpe;resx;tiff;tif;png;wav;mfcribbon-ms</Extensions>
    </Filter>
  </ItemGroup>
  <ItemGroup>
    <Text Include="ReadMe.txt" />
  </ItemGroup>
  <ItemGroup>
    <ClInclude Include="GraphicsDefines.h">
      <Filter>Header Files</Filter>
    </ClInclude>
    <ClInclude Include="GraphicsModule.h">
      <Filter>Header Files</Filter>
    </ClInclude>
    <ClInclude Include="OpenGLContext.h">
      <Filter>Header Files</Filter>
    </ClInclude>
    <ClInclude Include="WGLContext.h">
      <Filter>Header Files</Filter>
    </ClInclude>
    <ClInclude Include="Renderer.h">
      <Filter>Header Files</Filter>
    </ClInclude>
    <ClInclude Include="RenderSettings.h">
      <Filter>Header Files</Filter>
    </ClInclude>
    <ClInclude Include="ContextType.h">
      <Filter>Header Files</Filter>
    </ClInclude>
    <ClInclude Include="Mesh.h">
      <Filter>Header Files</Filter>
    </ClInclude>
    <ClInclude Include="ObjectRenderer.h">
      <Filter>Header Files</Filter>
    </ClInclude>
    <ClInclude Include="Material.h">
      <Filter>Header Files</Filter>
    </ClInclude>
    <ClInclude Include="Transform.h">
      <Filter>Header Files</Filter>
    </ClInclude>
    <ClInclude Include="Shader.h">
      <Filter>Header Files</Filter>
    </ClInclude>
    <ClInclude Include="Uniform.h">
      <Filter>Header Files</Filter>
    </ClInclude>
    <ClInclude Include="OpenGLState.h">
      <Filter>Header Files</Filter>
    </ClInclude>
    <ClInclude Include="RenderState.h">
      <Filter>Header Files</Filter>
    </ClInclude>
    <ClInclude Include="IndexBuffer.h">
      <Filter>Header Files</Filter>
    </ClInclude>
    <ClInclude Include="VertexBuffer.h">
      <Filter>Header Files</Filter>
    </ClInclude>
    <ClInclude Include="VertexFormat.h">
      <Filter>Header Files</Filter>
    </ClInclude>
    <ClInclude Include="Technique.h">
      <Filter>Header Files</Filter>
    </ClInclude>
    <ClInclude Include="WorldRenderer.h">
      <Filter>Header Files</Filter>
    </ClInclude>
    <ClInclude Include="Camera.h">
      <Filter>Header Files</Filter>
    </ClInclude>
    <ClInclude Include="Texture.h">
      <Filter>Header Files</Filter>
    </ClInclude>
    <ClInclude Include="Image.h">
      <Filter>Header Files</Filter>
    </ClInclude>
    <ClInclude Include="ImageManager.h">
      <Filter>Header Files</Filter>
    </ClInclude>
    <ClInclude Include="TextureManager.h">
      <Filter>Header Files</Filter>
    </ClInclude>
    <ClInclude Include="Sampler.h">
      <Filter>Header Files</Filter>
    </ClInclude>
    <ClInclude Include="TextureCache.h">
      <Filter>Header Files</Filter>
    </ClInclude>
    <ClInclude Include="TextureCacheObject.h">
      <Filter>Header Files</Filter>
    </ClInclude>
    <ClInclude Include="TextureCacheObjectParameters.h">
      <Filter>Header Files</Filter>
    </ClInclude>
    <ClInclude Include="Framebuffer.h">
      <Filter>Header Files</Filter>
    </ClInclude>
    <ClInclude Include="TextureAttachment.h">
      <Filter>Header Files</Filter>
    </ClInclude>
    <ClInclude Include="RenderbufferObjectAttachment.h">
      <Filter>Header Files</Filter>
    </ClInclude>
    <ClInclude Include="DepthStencilAttachment.h">
      <Filter>Header Files</Filter>
    </ClInclude>
    <ClInclude Include="RenderProcedure.h">
      <Filter>Header Files</Filter>
    </ClInclude>
    <ClInclude Include="MeshRenderProcedure.h">
      <Filter>Header Files</Filter>
    </ClInclude>
    <ClInclude Include="MeshIndexComponent.h">
      <Filter>Header Files</Filter>
    </ClInclude>
    <ClInclude Include="TextureEnums.h">
      <Filter>Header Files</Filter>
    </ClInclude>
    <ClInclude Include="OpaqueEnvironmentStage.h">
      <Filter>Header Files</Filter>
    </ClInclude>
    <ClInclude Include="RenderStage.h">
      <Filter>Header Files</Filter>
    </ClInclude>
    <ClInclude Include="OpaqueObjectStage.h">
      <Filter>Header Files</Filter>
    </ClInclude>
    <ClInclude Include="DeferredLightingStage.h">
      <Filter>Header Files</Filter>
    </ClInclude>
    <ClInclude Include="BloomCalculationStage.h">
      <Filter>Header Files</Filter>
    </ClInclude>
    <ClInclude Include="TransparentObjectStage.h">
      <Filter>Header Files</Filter>
    </ClInclude>
    <ClInclude Include="TransparentEnvironmentStage.h">
      <Filter>Header Files</Filter>
    </ClInclude>
    <ClInclude Include="BackgroundSkyboxStage.h">
      <Filter>Header Files</Filter>
    </ClInclude>
    <ClInclude Include="PostProcessingStage.h">
      <Filter>Header Files</Filter>
    </ClInclude>
    <ClInclude Include="DynamicVoxelConeTracingStage.h">
      <Filter>Header Files</Filter>
    </ClInclude>
    <ClInclude Include="RenderLight.h">
      <Filter>Header Files</Filter>
    </ClInclude>
    <ClInclude Include="FTLResult.h">
      <Filter>Header Files</Filter>
    </ClInclude>
    <ClInclude Include="DynamicDirectionalShadowStage.h">
      <Filter>Header Files</Filter>
    </ClInclude>
    <ClInclude Include="LightType.h">
      <Filter>Header Files</Filter>
    </ClInclude>
    <ClInclude Include="DynamicPointShadowStage.h">
      <Filter>Header Files</Filter>
    </ClInclude>
    <ClInclude Include="LightProperties.h">
      <Filter>Header Files</Filter>
    </ClInclude>
    <ClInclude Include="MeshLoader.h">
      <Filter>Header Files</Filter>
    </ClInclude>
    <ClInclude Include="InstanceBuffer.h">
      <Filter>Header Files</Filter>
    </ClInclude>
    <ClInclude Include="GlobalShaders.h">
      <Filter>Header Files</Filter>
    </ClInclude>
    <ClInclude Include="Vertex.h">
      <Filter>Header Files</Filter>
    </ClInclude>
    <ClInclude Include="MaterialMap.h">
      <Filter>Header Files</Filter>
    </ClInclude>
    <ClInclude Include="MaterialAttribute.h">
      <Filter>Header Files</Filter>
    </ClInclude>
    <ClInclude Include="FTLGlobalIlluminationTexture.h">
      <Filter>Header Files</Filter>
    </ClInclude>
    <ClInclude Include="ImmediateRenderer.h">
      <Filter>Header Files</Filter>
    </ClInclude>
    <ClInclude Include="GraphicalUserInterfaceStage.h">
      <Filter>Header Files</Filter>
    </ClInclude>
    <ClInclude Include="SpriteImmediateRenderer.h">
      <Filter>Header Files</Filter>
    </ClInclude>
    <ClInclude Include="Font.h">
      <Filter>Header Files</Filter>
    </ClInclude>
    <ClInclude Include="PostProcessEffect.h">
      <Filter>Header Files</Filter>
    </ClInclude>
    <ClInclude Include="PostProcessor.h">
      <Filter>Header Files</Filter>
    </ClInclude>
    <ClInclude Include="VignetteEffect.h">
      <Filter>Header Files</Filter>
    </ClInclude>
    <ClInclude Include="ColorGradingEffect.h">
      <Filter>Header Files</Filter>
    </ClInclude>
    <ClInclude Include="FilmicTonemapEffect.h">
      <Filter>Header Files</Filter>
    </ClInclude>
    <ClInclude Include="GraphicsLoggers.h">
      <Filter>Header Files</Filter>
    </ClInclude>
    <ClInclude Include="PostProcessQueue.h">
      <Filter>Header Files</Filter>
    </ClInclude>
    <ClInclude Include="TextureUtils.h">
      <Filter>Header Files</Filter>
    </ClInclude>
    <ClInclude Include="DeferredDecalStage.h">
      <Filter>Header Files</Filter>
    </ClInclude>
    <ClInclude Include="RenderData.h">
      <Filter>Header Files</Filter>
    </ClInclude>
  </ItemGroup>
  <ItemGroup>
    <ClCompile Include="dllmain.cpp">
      <Filter>Source Files</Filter>
    </ClCompile>
    <ClCompile Include="GraphicsModule.cpp">
      <Filter>Source Files</Filter>
    </ClCompile>
    <ClCompile Include="OpenGLContext.cpp">
      <Filter>Source Files</Filter>
    </ClCompile>
    <ClCompile Include="Renderer.cpp">
      <Filter>Source Files</Filter>
    </ClCompile>
    <ClCompile Include="WGLContext.cpp">
      <Filter>Source Files</Filter>
    </ClCompile>
    <ClCompile Include="Mesh.cpp">
      <Filter>Source Files</Filter>
    </ClCompile>
    <ClCompile Include="ObjectRenderer.cpp">
      <Filter>Source Files</Filter>
    </ClCompile>
    <ClCompile Include="Material.cpp">
      <Filter>Source Files</Filter>
    </ClCompile>
    <ClCompile Include="Transform.cpp">
      <Filter>Source Files</Filter>
    </ClCompile>
    <ClCompile Include="Shader.cpp">
      <Filter>Source Files</Filter>
    </ClCompile>
    <ClCompile Include="Uniform.cpp">
      <Filter>Source Files</Filter>
    </ClCompile>
    <ClCompile Include="OpenGLState.cpp">
      <Filter>Source Files</Filter>
    </ClCompile>
    <ClCompile Include="VertexBuffer.cpp">
      <Filter>Source Files</Filter>
    </ClCompile>
    <ClCompile Include="VertexFormat.cpp">
      <Filter>Source Files</Filter>
    </ClCompile>
    <ClCompile Include="IndexBuffer.cpp">
      <Filter>Source Files</Filter>
    </ClCompile>
    <ClCompile Include="Technique.cpp">
      <Filter>Source Files</Filter>
    </ClCompile>
    <ClCompile Include="Camera.cpp">
      <Filter>Source Files</Filter>
    </ClCompile>
    <ClCompile Include="Texture.cpp">
      <Filter>Source Files</Filter>
    </ClCompile>
    <ClCompile Include="TextureCreation.cpp">
      <Filter>Source Files</Filter>
    </ClCompile>
    <ClCompile Include="ImageManager.cpp">
      <Filter>Source Files</Filter>
    </ClCompile>
    <ClCompile Include="TextureManager.cpp">
      <Filter>Source Files</Filter>
    </ClCompile>
    <ClCompile Include="Sampler.cpp">
      <Filter>Source Files</Filter>
    </ClCompile>
    <ClCompile Include="TextureCache.cpp">
      <Filter>Source Files</Filter>
    </ClCompile>
    <ClCompile Include="TextureCacheObject.cpp">
      <Filter>Source Files</Filter>
    </ClCompile>
    <ClCompile Include="Framebuffer.cpp">
      <Filter>Source Files</Filter>
    </ClCompile>
    <ClCompile Include="TextureAttachment.cpp">
      <Filter>Source Files</Filter>
    </ClCompile>
    <ClCompile Include="RenderbufferObjectAttachment.cpp">
      <Filter>Source Files</Filter>
    </ClCompile>
    <ClCompile Include="DepthStencilAttachment.cpp">
      <Filter>Source Files</Filter>
    </ClCompile>
    <ClCompile Include="MeshRenderProcedure.cpp">
      <Filter>Source Files</Filter>
    </ClCompile>
    <ClCompile Include="MeshIndexComponent.cpp">
      <Filter>Source Files</Filter>
    </ClCompile>
    <ClCompile Include="OpaqueEnvironmentStage.cpp">
      <Filter>Source Files</Filter>
    </ClCompile>
    <ClCompile Include="RenderStage.cpp">
      <Filter>Source Files</Filter>
    </ClCompile>
    <ClCompile Include="OpaqueObjectStage.cpp">
      <Filter>Source Files</Filter>
    </ClCompile>
    <ClCompile Include="DeferredLightingStage.cpp">
      <Filter>Source Files</Filter>
    </ClCompile>
    <ClCompile Include="BloomCalculationStage.cpp">
      <Filter>Source Files</Filter>
    </ClCompile>
    <ClCompile Include="TransparentObjectStage.cpp">
      <Filter>Source Files</Filter>
    </ClCompile>
    <ClCompile Include="TransparentEnvironmentStage.cpp">
      <Filter>Source Files</Filter>
    </ClCompile>
    <ClCompile Include="BackgroundSkyboxStage.cpp">
      <Filter>Source Files</Filter>
    </ClCompile>
    <ClCompile Include="PostProcessingStage.cpp">
      <Filter>Source Files</Filter>
    </ClCompile>
    <ClCompile Include="DynamicVoxelConeTracingStage.cpp">
      <Filter>Source Files</Filter>
    </ClCompile>
    <ClCompile Include="DynamicDirectionalShadowStage.cpp">
      <Filter>Source Files</Filter>
    </ClCompile>
    <ClCompile Include="DynamicPointShadowStage.cpp">
      <Filter>Source Files</Filter>
    </ClCompile>
    <ClCompile Include="MeshLoader.cpp">
      <Filter>Source Files</Filter>
    </ClCompile>
    <ClCompile Include="InstanceBuffer.cpp">
      <Filter>Source Files</Filter>
    </ClCompile>
    <ClCompile Include="GlobalShaders.cpp">
      <Filter>Source Files</Filter>
    </ClCompile>
    <ClCompile Include="MaterialMap.cpp">
      <Filter>Source Files</Filter>
    </ClCompile>
    <ClCompile Include="MaterialAttribute.cpp">
      <Filter>Source Files</Filter>
    </ClCompile>
    <ClCompile Include="FTLGlobalIlluminationTexture.cpp">
      <Filter>Source Files</Filter>
    </ClCompile>
    <ClCompile Include="ImmediateRenderer.cpp">
      <Filter>Source Files</Filter>
    </ClCompile>
    <ClCompile Include="GraphicalUserInterfaceStage.cpp">
      <Filter>Source Files</Filter>
    </ClCompile>
    <ClCompile Include="SpriteImmediateRenderer.cpp">
      <Filter>Source Files</Filter>
    </ClCompile>
    <ClCompile Include="Font.cpp">
      <Filter>Source Files</Filter>
    </ClCompile>
    <ClCompile Include="TextureEnumFunctions.cpp">
      <Filter>Header Files</Filter>
    </ClCompile>
    <ClCompile Include="PostProcessEffect.cpp">
      <Filter>Source Files</Filter>
    </ClCompile>
    <ClCompile Include="PostProcessor.cpp">
      <Filter>Source Files</Filter>
    </ClCompile>
    <ClCompile Include="VignetteEffect.cpp">
      <Filter>Source Files</Filter>
    </ClCompile>
    <ClCompile Include="ColorGradingEffect.cpp">
      <Filter>Source Files</Filter>
    </ClCompile>
    <ClCompile Include="FilmicTonemapEffect.cpp">
      <Filter>Source Files</Filter>
    </ClCompile>
    <ClCompile Include="GraphicsLoggers.cpp">
      <Filter>Source Files</Filter>
    </ClCompile>
    <ClCompile Include="PostProcessQueue.cpp">
      <Filter>Source Files</Filter>
    </ClCompile>
    <ClCompile Include="TextureUtils.cpp">
      <Filter>Source Files</Filter>
    </ClCompile>
    <ClCompile Include="DeferredDecalStage.cpp">
      <Filter>Source Files</Filter>
    </ClCompile>
  </ItemGroup>
  <ItemGroup>
    <None Include="Image.inl">
      <Filter>Source Files</Filter>
    </None>
  </ItemGroup>
</Project>